// !$*UTF8*$!
{
	archiveVersion = 1;
	classes = {
	};
	objectVersion = 77;
	objects = {

/* Begin PBXBuildFile section */
		68D6ACD62D71EFCC001E5E6C /* Preview Assets.xcassets in Resources */ = {isa = PBXBuildFile; fileRef = 68D6ACBA2D71EFCC001E5E6C /* Preview Assets.xcassets */; };
		68D6ACD72D71EFCC001E5E6C /* Localizable.xcstrings in Resources */ = {isa = PBXBuildFile; fileRef = 68D6ACC02D71EFCC001E5E6C /* Localizable.xcstrings */; };
		68D6ACD82D71EFCC001E5E6C /* Assets.xcassets in Resources */ = {isa = PBXBuildFile; fileRef = 68D6ACD22D71EFCC001E5E6C /* Assets.xcassets */; };
		68D6ACD92D71EFCC001E5E6C /* AsyncAvatarImage.swift in Sources */ = {isa = PBXBuildFile; fileRef = 68D6AC9F2D71EFCC001E5E6C /* AsyncAvatarImage.swift */; };
		68D6ACDA2D71EFCC001E5E6C /* CustomButtonLabel.swift in Sources */ = {isa = PBXBuildFile; fileRef = 68D6ACA02D71EFCC001E5E6C /* CustomButtonLabel.swift */; };
		68D6ACDB2D71EFCC001E5E6C /* CustomTextField.swift in Sources */ = {isa = PBXBuildFile; fileRef = 68D6ACA12D71EFCC001E5E6C /* CustomTextField.swift */; };
		68D6ACDC2D71EFCC001E5E6C /* RepoRow.swift in Sources */ = {isa = PBXBuildFile; fileRef = 68D6ACA22D71EFCC001E5E6C /* RepoRow.swift */; };
		68D6ACDD2D71EFCC001E5E6C /* UserHeader.swift in Sources */ = {isa = PBXBuildFile; fileRef = 68D6ACA32D71EFCC001E5E6C /* UserHeader.swift */; };
		68D6ACDE2D71EFCC001E5E6C /* AvatarProperties.swift in Sources */ = {isa = PBXBuildFile; fileRef = 68D6ACA52D71EFCC001E5E6C /* AvatarProperties.swift */; };
		68D6ACDF2D71EFCC001E5E6C /* Commit.swift in Sources */ = {isa = PBXBuildFile; fileRef = 68D6ACA62D71EFCC001E5E6C /* Commit.swift */; };
		68D6ACE02D71EFCC001E5E6C /* Errors.swift in Sources */ = {isa = PBXBuildFile; fileRef = 68D6ACA72D71EFCC001E5E6C /* Errors.swift */; };
		68D6ACE12D71EFCC001E5E6C /* PullRequest.swift in Sources */ = {isa = PBXBuildFile; fileRef = 68D6ACA82D71EFCC001E5E6C /* PullRequest.swift */; };
		68D6ACE22D71EFCC001E5E6C /* Repository.swift in Sources */ = {isa = PBXBuildFile; fileRef = 68D6ACA92D71EFCC001E5E6C /* Repository.swift */; };
		68D6ACE32D71EFCC001E5E6C /* User.swift in Sources */ = {isa = PBXBuildFile; fileRef = 68D6ACAA2D71EFCC001E5E6C /* User.swift */; };
		68D6ACE42D71EFCC001E5E6C /* GitHubAuthenticationEndpoint.swift in Sources */ = {isa = PBXBuildFile; fileRef = 68D6ACAC2D71EFCC001E5E6C /* GitHubAuthenticationEndpoint.swift */; };
		68D6ACE52D71EFCC001E5E6C /* GitHubAuthenticationMapper.swift in Sources */ = {isa = PBXBuildFile; fileRef = 68D6ACAD2D71EFCC001E5E6C /* GitHubAuthenticationMapper.swift */; };
		68D6ACE62D71EFCC001E5E6C /* GitHubAuthenticator.swift in Sources */ = {isa = PBXBuildFile; fileRef = 68D6ACAE2D71EFCC001E5E6C /* GitHubAuthenticator.swift */; };
		68D6ACE72D71EFCC001E5E6C /* RepoEndpoint.swift in Sources */ = {isa = PBXBuildFile; fileRef = 68D6ACB02D71EFCC001E5E6C /* RepoEndpoint.swift */; };
		68D6ACE82D71EFCC001E5E6C /* RepoGetter.swift in Sources */ = {isa = PBXBuildFile; fileRef = 68D6ACB12D71EFCC001E5E6C /* RepoGetter.swift */; };
		68D6ACE92D71EFCC001E5E6C /* RepoMapper.swift in Sources */ = {isa = PBXBuildFile; fileRef = 68D6ACB22D71EFCC001E5E6C /* RepoMapper.swift */; };
		68D6ACEA2D71EFCC001E5E6C /* UserEndpoint.swift in Sources */ = {isa = PBXBuildFile; fileRef = 68D6ACB42D71EFCC001E5E6C /* UserEndpoint.swift */; };
		68D6ACEB2D71EFCC001E5E6C /* UserLoader.swift in Sources */ = {isa = PBXBuildFile; fileRef = 68D6ACB52D71EFCC001E5E6C /* UserLoader.swift */; };
		68D6ACEC2D71EFCC001E5E6C /* UserMapper.swift in Sources */ = {isa = PBXBuildFile; fileRef = 68D6ACB62D71EFCC001E5E6C /* UserMapper.swift */; };
		68D6ACED2D71EFCC001E5E6C /* URLSessionHTTPClient.swift in Sources */ = {isa = PBXBuildFile; fileRef = 68D6ACB82D71EFCC001E5E6C /* URLSessionHTTPClient.swift */; };
		68D6ACEE2D71EFCC001E5E6C /* PreviewModels.swift in Sources */ = {isa = PBXBuildFile; fileRef = 68D6ACBB2D71EFCC001E5E6C /* PreviewModels.swift */; };
		68D6ACEF2D71EFCC001E5E6C /* KeyChainService.swift in Sources */ = {isa = PBXBuildFile; fileRef = 68D6ACBD2D71EFCC001E5E6C /* KeyChainService.swift */; };
		68D6ACF02D71EFCC001E5E6C /* TokenMapper.swift in Sources */ = {isa = PBXBuildFile; fileRef = 68D6ACBE2D71EFCC001E5E6C /* TokenMapper.swift */; };
		68D6ACF12D71EFCC001E5E6C /* LocalizableKeys.swift in Sources */ = {isa = PBXBuildFile; fileRef = 68D6ACC12D71EFCC001E5E6C /* LocalizableKeys.swift */; };
		68D6ACF22D71EFCC001E5E6C /* String+Ext.swift in Sources */ = {isa = PBXBuildFile; fileRef = 68D6ACC22D71EFCC001E5E6C /* String+Ext.swift */; };
		68D6ACF32D71EFCC001E5E6C /* User+Ext.swift in Sources */ = {isa = PBXBuildFile; fileRef = 68D6ACC32D71EFCC001E5E6C /* User+Ext.swift */; };
		68D6ACF42D71EFCC001E5E6C /* AddRepoViewModel.swift in Sources */ = {isa = PBXBuildFile; fileRef = 68D6ACC52D71EFCC001E5E6C /* AddRepoViewModel.swift */; };
		68D6ACF52D71EFCC001E5E6C /* AppViewModel.swift in Sources */ = {isa = PBXBuildFile; fileRef = 68D6ACC62D71EFCC001E5E6C /* AppViewModel.swift */; };
		68D6ACF62D71EFCC001E5E6C /* AsyncAvatarViewModel.swift in Sources */ = {isa = PBXBuildFile; fileRef = 68D6ACC72D71EFCC001E5E6C /* AsyncAvatarViewModel.swift */; };
		68D6ACF72D71EFCC001E5E6C /* AuthenticationViewModel.swift in Sources */ = {isa = PBXBuildFile; fileRef = 68D6ACC82D71EFCC001E5E6C /* AuthenticationViewModel.swift */; };
		68D6ACF82D71EFCC001E5E6C /* RepoDetailViewModel.swift in Sources */ = {isa = PBXBuildFile; fileRef = 68D6ACC92D71EFCC001E5E6C /* RepoDetailViewModel.swift */; };
		68D6ACF92D71EFCC001E5E6C /* RepoListViewModel.swift in Sources */ = {isa = PBXBuildFile; fileRef = 68D6ACCA2D71EFCC001E5E6C /* RepoListViewModel.swift */; };
		68D6ACFA2D71EFCC001E5E6C /* AccountView.swift in Sources */ = {isa = PBXBuildFile; fileRef = 68D6ACCC2D71EFCC001E5E6C /* AccountView.swift */; };
		68D6ACFB2D71EFCC001E5E6C /* AddRepositoryModal.swift in Sources */ = {isa = PBXBuildFile; fileRef = 68D6ACCD2D71EFCC001E5E6C /* AddRepositoryModal.swift */; };
		68D6ACFC2D71EFCC001E5E6C /* AuthenticationView.swift in Sources */ = {isa = PBXBuildFile; fileRef = 68D6ACCE2D71EFCC001E5E6C /* AuthenticationView.swift */; };
		68D6ACFD2D71EFCC001E5E6C /* RepoDetailView.swift in Sources */ = {isa = PBXBuildFile; fileRef = 68D6ACCF2D71EFCC001E5E6C /* RepoDetailView.swift */; };
		68D6ACFE2D71EFCC001E5E6C /* RepoListView.swift in Sources */ = {isa = PBXBuildFile; fileRef = 68D6ACD02D71EFCC001E5E6C /* RepoListView.swift */; };
		68D6ACFF2D71EFCC001E5E6C /* Item.swift in Sources */ = {isa = PBXBuildFile; fileRef = 68D6ACD32D71EFCC001E5E6C /* Item.swift */; };
		68D6AD002D71EFCC001E5E6C /* OctoTrackApp.swift in Sources */ = {isa = PBXBuildFile; fileRef = 68D6ACD42D71EFCC001E5E6C /* OctoTrackApp.swift */; };
/* End PBXBuildFile section */

/* Begin PBXContainerItemProxy section */
		683613012D5D31EE00805615 /* PBXContainerItemProxy */ = {
			isa = PBXContainerItemProxy;
			containerPortal = 683612E62D5D31EC00805615 /* Project object */;
			proxyType = 1;
			remoteGlobalIDString = 683612ED2D5D31EC00805615;
			remoteInfo = OctoTrack;
		};
		6836130B2D5D31EE00805615 /* PBXContainerItemProxy */ = {
			isa = PBXContainerItemProxy;
			containerPortal = 683612E62D5D31EC00805615 /* Project object */;
			proxyType = 1;
			remoteGlobalIDString = 683612ED2D5D31EC00805615;
			remoteInfo = OctoTrack;
		};
/* End PBXContainerItemProxy section */

/* Begin PBXFileReference section */
		683612EE2D5D31EC00805615 /* OctoTrack.app */ = {isa = PBXFileReference; explicitFileType = wrapper.application; includeInIndex = 0; path = OctoTrack.app; sourceTree = BUILT_PRODUCTS_DIR; };
		683613002D5D31EE00805615 /* OctoTrackTests.xctest */ = {isa = PBXFileReference; explicitFileType = wrapper.cfbundle; includeInIndex = 0; path = OctoTrackTests.xctest; sourceTree = BUILT_PRODUCTS_DIR; };
		6836130A2D5D31EE00805615 /* OctoTrackUITests.xctest */ = {isa = PBXFileReference; explicitFileType = wrapper.cfbundle; includeInIndex = 0; path = OctoTrackUITests.xctest; sourceTree = BUILT_PRODUCTS_DIR; };
		68D6AC9F2D71EFCC001E5E6C /* AsyncAvatarImage.swift */ = {isa = PBXFileReference; lastKnownFileType = sourcecode.swift; path = AsyncAvatarImage.swift; sourceTree = "<group>"; };
		68D6ACA02D71EFCC001E5E6C /* CustomButtonLabel.swift */ = {isa = PBXFileReference; lastKnownFileType = sourcecode.swift; path = CustomButtonLabel.swift; sourceTree = "<group>"; };
		68D6ACA12D71EFCC001E5E6C /* CustomTextField.swift */ = {isa = PBXFileReference; lastKnownFileType = sourcecode.swift; path = CustomTextField.swift; sourceTree = "<group>"; };
		68D6ACA22D71EFCC001E5E6C /* RepoRow.swift */ = {isa = PBXFileReference; lastKnownFileType = sourcecode.swift; path = RepoRow.swift; sourceTree = "<group>"; };
		68D6ACA32D71EFCC001E5E6C /* UserHeader.swift */ = {isa = PBXFileReference; lastKnownFileType = sourcecode.swift; path = UserHeader.swift; sourceTree = "<group>"; };
		68D6ACA52D71EFCC001E5E6C /* AvatarProperties.swift */ = {isa = PBXFileReference; lastKnownFileType = sourcecode.swift; path = AvatarProperties.swift; sourceTree = "<group>"; };
		68D6ACA62D71EFCC001E5E6C /* Commit.swift */ = {isa = PBXFileReference; lastKnownFileType = sourcecode.swift; path = Commit.swift; sourceTree = "<group>"; };
		68D6ACA72D71EFCC001E5E6C /* Errors.swift */ = {isa = PBXFileReference; lastKnownFileType = sourcecode.swift; path = Errors.swift; sourceTree = "<group>"; };
		68D6ACA82D71EFCC001E5E6C /* PullRequest.swift */ = {isa = PBXFileReference; lastKnownFileType = sourcecode.swift; path = PullRequest.swift; sourceTree = "<group>"; };
		68D6ACA92D71EFCC001E5E6C /* Repository.swift */ = {isa = PBXFileReference; lastKnownFileType = sourcecode.swift; path = Repository.swift; sourceTree = "<group>"; };
		68D6ACAA2D71EFCC001E5E6C /* User.swift */ = {isa = PBXFileReference; lastKnownFileType = sourcecode.swift; path = User.swift; sourceTree = "<group>"; };
		68D6ACAC2D71EFCC001E5E6C /* GitHubAuthenticationEndpoint.swift */ = {isa = PBXFileReference; lastKnownFileType = sourcecode.swift; path = GitHubAuthenticationEndpoint.swift; sourceTree = "<group>"; };
		68D6ACAD2D71EFCC001E5E6C /* GitHubAuthenticationMapper.swift */ = {isa = PBXFileReference; lastKnownFileType = sourcecode.swift; path = GitHubAuthenticationMapper.swift; sourceTree = "<group>"; };
		68D6ACAE2D71EFCC001E5E6C /* GitHubAuthenticator.swift */ = {isa = PBXFileReference; lastKnownFileType = sourcecode.swift; path = GitHubAuthenticator.swift; sourceTree = "<group>"; };
		68D6ACB02D71EFCC001E5E6C /* RepoEndpoint.swift */ = {isa = PBXFileReference; lastKnownFileType = sourcecode.swift; path = RepoEndpoint.swift; sourceTree = "<group>"; };
		68D6ACB12D71EFCC001E5E6C /* RepoGetter.swift */ = {isa = PBXFileReference; lastKnownFileType = sourcecode.swift; path = RepoGetter.swift; sourceTree = "<group>"; };
		68D6ACB22D71EFCC001E5E6C /* RepoMapper.swift */ = {isa = PBXFileReference; lastKnownFileType = sourcecode.swift; path = RepoMapper.swift; sourceTree = "<group>"; };
		68D6ACB42D71EFCC001E5E6C /* UserEndpoint.swift */ = {isa = PBXFileReference; lastKnownFileType = sourcecode.swift; path = UserEndpoint.swift; sourceTree = "<group>"; };
		68D6ACB52D71EFCC001E5E6C /* UserLoader.swift */ = {isa = PBXFileReference; lastKnownFileType = sourcecode.swift; path = UserLoader.swift; sourceTree = "<group>"; };
		68D6ACB62D71EFCC001E5E6C /* UserMapper.swift */ = {isa = PBXFileReference; lastKnownFileType = sourcecode.swift; path = UserMapper.swift; sourceTree = "<group>"; };
		68D6ACB82D71EFCC001E5E6C /* URLSessionHTTPClient.swift */ = {isa = PBXFileReference; lastKnownFileType = sourcecode.swift; path = URLSessionHTTPClient.swift; sourceTree = "<group>"; };
		68D6ACBA2D71EFCC001E5E6C /* Preview Assets.xcassets */ = {isa = PBXFileReference; lastKnownFileType = folder.assetcatalog; path = "Preview Assets.xcassets"; sourceTree = "<group>"; };
		68D6ACBB2D71EFCC001E5E6C /* PreviewModels.swift */ = {isa = PBXFileReference; lastKnownFileType = sourcecode.swift; path = PreviewModels.swift; sourceTree = "<group>"; };
		68D6ACBD2D71EFCC001E5E6C /* KeyChainService.swift */ = {isa = PBXFileReference; lastKnownFileType = sourcecode.swift; path = KeyChainService.swift; sourceTree = "<group>"; };
		68D6ACBE2D71EFCC001E5E6C /* TokenMapper.swift */ = {isa = PBXFileReference; lastKnownFileType = sourcecode.swift; path = TokenMapper.swift; sourceTree = "<group>"; };
		68D6ACC02D71EFCC001E5E6C /* Localizable.xcstrings */ = {isa = PBXFileReference; lastKnownFileType = text.json.xcstrings; path = Localizable.xcstrings; sourceTree = "<group>"; };
		68D6ACC12D71EFCC001E5E6C /* LocalizableKeys.swift */ = {isa = PBXFileReference; lastKnownFileType = sourcecode.swift; path = LocalizableKeys.swift; sourceTree = "<group>"; };
		68D6ACC22D71EFCC001E5E6C /* String+Ext.swift */ = {isa = PBXFileReference; lastKnownFileType = sourcecode.swift; path = "String+Ext.swift"; sourceTree = "<group>"; };
		68D6ACC32D71EFCC001E5E6C /* User+Ext.swift */ = {isa = PBXFileReference; lastKnownFileType = sourcecode.swift; path = "User+Ext.swift"; sourceTree = "<group>"; };
		68D6ACC52D71EFCC001E5E6C /* AddRepoViewModel.swift */ = {isa = PBXFileReference; lastKnownFileType = sourcecode.swift; path = AddRepoViewModel.swift; sourceTree = "<group>"; };
		68D6ACC62D71EFCC001E5E6C /* AppViewModel.swift */ = {isa = PBXFileReference; lastKnownFileType = sourcecode.swift; path = AppViewModel.swift; sourceTree = "<group>"; };
		68D6ACC72D71EFCC001E5E6C /* AsyncAvatarViewModel.swift */ = {isa = PBXFileReference; lastKnownFileType = sourcecode.swift; path = AsyncAvatarViewModel.swift; sourceTree = "<group>"; };
		68D6ACC82D71EFCC001E5E6C /* AuthenticationViewModel.swift */ = {isa = PBXFileReference; lastKnownFileType = sourcecode.swift; path = AuthenticationViewModel.swift; sourceTree = "<group>"; };
		68D6ACC92D71EFCC001E5E6C /* RepoDetailViewModel.swift */ = {isa = PBXFileReference; lastKnownFileType = sourcecode.swift; path = RepoDetailViewModel.swift; sourceTree = "<group>"; };
		68D6ACCA2D71EFCC001E5E6C /* RepoListViewModel.swift */ = {isa = PBXFileReference; lastKnownFileType = sourcecode.swift; path = RepoListViewModel.swift; sourceTree = "<group>"; };
		68D6ACCC2D71EFCC001E5E6C /* AccountView.swift */ = {isa = PBXFileReference; lastKnownFileType = sourcecode.swift; path = AccountView.swift; sourceTree = "<group>"; };
		68D6ACCD2D71EFCC001E5E6C /* AddRepositoryModal.swift */ = {isa = PBXFileReference; lastKnownFileType = sourcecode.swift; path = AddRepositoryModal.swift; sourceTree = "<group>"; };
		68D6ACCE2D71EFCC001E5E6C /* AuthenticationView.swift */ = {isa = PBXFileReference; lastKnownFileType = sourcecode.swift; path = AuthenticationView.swift; sourceTree = "<group>"; };
		68D6ACCF2D71EFCC001E5E6C /* RepoDetailView.swift */ = {isa = PBXFileReference; lastKnownFileType = sourcecode.swift; path = RepoDetailView.swift; sourceTree = "<group>"; };
		68D6ACD02D71EFCC001E5E6C /* RepoListView.swift */ = {isa = PBXFileReference; lastKnownFileType = sourcecode.swift; path = RepoListView.swift; sourceTree = "<group>"; };
		68D6ACD22D71EFCC001E5E6C /* Assets.xcassets */ = {isa = PBXFileReference; lastKnownFileType = folder.assetcatalog; path = Assets.xcassets; sourceTree = "<group>"; };
		68D6ACD32D71EFCC001E5E6C /* Item.swift */ = {isa = PBXFileReference; lastKnownFileType = sourcecode.swift; path = Item.swift; sourceTree = "<group>"; };
		68D6ACD42D71EFCC001E5E6C /* OctoTrackApp.swift */ = {isa = PBXFileReference; lastKnownFileType = sourcecode.swift; path = OctoTrackApp.swift; sourceTree = "<group>"; };
/* End PBXFileReference section */

/* Begin PBXFileSystemSynchronizedRootGroup section */
		683613032D5D31EE00805615 /* OctoTrackTests */ = {
			isa = PBXFileSystemSynchronizedRootGroup;
			path = OctoTrackTests;
			sourceTree = "<group>";
		};
		6836130D2D5D31EE00805615 /* OctoTrackUITests */ = {
			isa = PBXFileSystemSynchronizedRootGroup;
			path = OctoTrackUITests;
			sourceTree = "<group>";
		};
/* End PBXFileSystemSynchronizedRootGroup section */

/* Begin PBXFrameworksBuildPhase section */
		683612EB2D5D31EC00805615 /* Frameworks */ = {
			isa = PBXFrameworksBuildPhase;
			buildActionMask = 2147483647;
			files = (
			);
			runOnlyForDeploymentPostprocessing = 0;
		};
		683612FD2D5D31EE00805615 /* Frameworks */ = {
			isa = PBXFrameworksBuildPhase;
			buildActionMask = 2147483647;
			files = (
			);
			runOnlyForDeploymentPostprocessing = 0;
		};
		683613072D5D31EE00805615 /* Frameworks */ = {
			isa = PBXFrameworksBuildPhase;
			buildActionMask = 2147483647;
			files = (
			);
			runOnlyForDeploymentPostprocessing = 0;
		};
/* End PBXFrameworksBuildPhase section */

/* Begin PBXGroup section */
		683612E52D5D31EC00805615 = {
			isa = PBXGroup;
			children = (
				68D6ACD52D71EFCC001E5E6C /* OctoTrack */,
				683613032D5D31EE00805615 /* OctoTrackTests */,
				6836130D2D5D31EE00805615 /* OctoTrackUITests */,
				683612EF2D5D31EC00805615 /* Products */,
			);
			sourceTree = "<group>";
		};
		683612EF2D5D31EC00805615 /* Products */ = {
			isa = PBXGroup;
			children = (
				683612EE2D5D31EC00805615 /* OctoTrack.app */,
				683613002D5D31EE00805615 /* OctoTrackTests.xctest */,
				6836130A2D5D31EE00805615 /* OctoTrackUITests.xctest */,
			);
			name = Products;
			sourceTree = "<group>";
		};
		68D6ACA42D71EFCC001E5E6C /* ExtractedViews */ = {
			isa = PBXGroup;
			children = (
				68D6AC9F2D71EFCC001E5E6C /* AsyncAvatarImage.swift */,
				68D6ACA02D71EFCC001E5E6C /* CustomButtonLabel.swift */,
				68D6ACA12D71EFCC001E5E6C /* CustomTextField.swift */,
				68D6ACA22D71EFCC001E5E6C /* RepoRow.swift */,
				68D6ACA32D71EFCC001E5E6C /* UserHeader.swift */,
			);
			path = ExtractedViews;
			sourceTree = "<group>";
		};
		68D6ACAB2D71EFCC001E5E6C /* Models */ = {
			isa = PBXGroup;
			children = (
				68D6ACA52D71EFCC001E5E6C /* AvatarProperties.swift */,
				68D6ACA62D71EFCC001E5E6C /* Commit.swift */,
				68D6ACA72D71EFCC001E5E6C /* Errors.swift */,
				68D6ACA82D71EFCC001E5E6C /* PullRequest.swift */,
				68D6ACA92D71EFCC001E5E6C /* Repository.swift */,
				68D6ACAA2D71EFCC001E5E6C /* User.swift */,
			);
			path = Models;
			sourceTree = "<group>";
		};
		68D6ACAF2D71EFCC001E5E6C /* AuthenticationRequest */ = {
			isa = PBXGroup;
			children = (
				68D6ACAC2D71EFCC001E5E6C /* GitHubAuthenticationEndpoint.swift */,
				68D6ACAD2D71EFCC001E5E6C /* GitHubAuthenticationMapper.swift */,
				68D6ACAE2D71EFCC001E5E6C /* GitHubAuthenticator.swift */,
			);
			path = AuthenticationRequest;
			sourceTree = "<group>";
		};
		68D6ACB32D71EFCC001E5E6C /* RepoRequest */ = {
			isa = PBXGroup;
			children = (
				68D6ACB02D71EFCC001E5E6C /* RepoEndpoint.swift */,
				68D6ACB12D71EFCC001E5E6C /* RepoGetter.swift */,
				68D6ACB22D71EFCC001E5E6C /* RepoMapper.swift */,
			);
			path = RepoRequest;
			sourceTree = "<group>";
		};
		68D6ACB72D71EFCC001E5E6C /* UserRequest */ = {
			isa = PBXGroup;
			children = (
				68D6ACB42D71EFCC001E5E6C /* UserEndpoint.swift */,
				68D6ACB52D71EFCC001E5E6C /* UserLoader.swift */,
				68D6ACB62D71EFCC001E5E6C /* UserMapper.swift */,
			);
			path = UserRequest;
			sourceTree = "<group>";
		};
		68D6ACB92D71EFCC001E5E6C /* Network */ = {
			isa = PBXGroup;
			children = (
				68D6ACAF2D71EFCC001E5E6C /* AuthenticationRequest */,
				68D6ACB32D71EFCC001E5E6C /* RepoRequest */,
				68D6ACB72D71EFCC001E5E6C /* UserRequest */,
				68D6ACB82D71EFCC001E5E6C /* URLSessionHTTPClient.swift */,
			);
			path = Network;
			sourceTree = "<group>";
		};
		68D6ACBC2D71EFCC001E5E6C /* Preview Content */ = {
			isa = PBXGroup;
			children = (
				68D6ACBA2D71EFCC001E5E6C /* Preview Assets.xcassets */,
				68D6ACBB2D71EFCC001E5E6C /* PreviewModels.swift */,
			);
			path = "Preview Content";
			sourceTree = "<group>";
		};
		68D6ACBF2D71EFCC001E5E6C /* Storage */ = {
			isa = PBXGroup;
			children = (
				68D6ACBD2D71EFCC001E5E6C /* KeyChainService.swift */,
				68D6ACBE2D71EFCC001E5E6C /* TokenMapper.swift */,
			);
			path = Storage;
			sourceTree = "<group>";
		};
		68D6ACC42D71EFCC001E5E6C /* Utils */ = {
			isa = PBXGroup;
			children = (
				68D6ACC02D71EFCC001E5E6C /* Localizable.xcstrings */,
				68D6ACC12D71EFCC001E5E6C /* LocalizableKeys.swift */,
				68D6ACC22D71EFCC001E5E6C /* String+Ext.swift */,
				68D6ACC32D71EFCC001E5E6C /* User+Ext.swift */,
			);
			path = Utils;
			sourceTree = "<group>";
		};
		68D6ACCB2D71EFCC001E5E6C /* ViewModels */ = {
			isa = PBXGroup;
			children = (
				68D6ACC52D71EFCC001E5E6C /* AddRepoViewModel.swift */,
				68D6ACC62D71EFCC001E5E6C /* AppViewModel.swift */,
				68D6ACC72D71EFCC001E5E6C /* AsyncAvatarViewModel.swift */,
				68D6ACC82D71EFCC001E5E6C /* AuthenticationViewModel.swift */,
				68D6ACC92D71EFCC001E5E6C /* RepoDetailViewModel.swift */,
				68D6ACCA2D71EFCC001E5E6C /* RepoListViewModel.swift */,
			);
			path = ViewModels;
			sourceTree = "<group>";
		};
		68D6ACD12D71EFCC001E5E6C /* Views */ = {
			isa = PBXGroup;
			children = (
				68D6ACCC2D71EFCC001E5E6C /* AccountView.swift */,
				68D6ACCD2D71EFCC001E5E6C /* AddRepositoryModal.swift */,
				68D6ACCE2D71EFCC001E5E6C /* AuthenticationView.swift */,
				68D6ACCF2D71EFCC001E5E6C /* RepoDetailView.swift */,
				68D6ACD02D71EFCC001E5E6C /* RepoListView.swift */,
			);
			path = Views;
			sourceTree = "<group>";
		};
		68D6ACD52D71EFCC001E5E6C /* OctoTrack */ = {
			isa = PBXGroup;
			children = (
				68D6ACD42D71EFCC001E5E6C /* OctoTrackApp.swift */,
				68D6ACAB2D71EFCC001E5E6C /* Models */,
				68D6ACB92D71EFCC001E5E6C /* Network */,
				68D6ACBF2D71EFCC001E5E6C /* Storage */,
				68D6ACC42D71EFCC001E5E6C /* Utils */,
				68D6ACCB2D71EFCC001E5E6C /* ViewModels */,
				68D6ACA42D71EFCC001E5E6C /* ExtractedViews */,
				68D6ACD12D71EFCC001E5E6C /* Views */,
				68D6ACBC2D71EFCC001E5E6C /* Preview Content */,
				68D6ACD22D71EFCC001E5E6C /* Assets.xcassets */,
				68D6ACD32D71EFCC001E5E6C /* Item.swift */,
			);
			path = OctoTrack;
			sourceTree = "<group>";
		};
/* End PBXGroup section */

/* Begin PBXNativeTarget section */
		683612ED2D5D31EC00805615 /* OctoTrack */ = {
			isa = PBXNativeTarget;
			buildConfigurationList = 683613142D5D31EE00805615 /* Build configuration list for PBXNativeTarget "OctoTrack" */;
			buildPhases = (
				683612EA2D5D31EC00805615 /* Sources */,
				683612EB2D5D31EC00805615 /* Frameworks */,
				683612EC2D5D31EC00805615 /* Resources */,
			);
			buildRules = (
			);
			dependencies = (
			);
			name = OctoTrack;
			packageProductDependencies = (
			);
			productName = OctoTrack;
			productReference = 683612EE2D5D31EC00805615 /* OctoTrack.app */;
			productType = "com.apple.product-type.application";
		};
		683612FF2D5D31EE00805615 /* OctoTrackTests */ = {
			isa = PBXNativeTarget;
			buildConfigurationList = 683613172D5D31EE00805615 /* Build configuration list for PBXNativeTarget "OctoTrackTests" */;
			buildPhases = (
				683612FC2D5D31EE00805615 /* Sources */,
				683612FD2D5D31EE00805615 /* Frameworks */,
				683612FE2D5D31EE00805615 /* Resources */,
			);
			buildRules = (
			);
			dependencies = (
				683613022D5D31EE00805615 /* PBXTargetDependency */,
			);
			fileSystemSynchronizedGroups = (
				683613032D5D31EE00805615 /* OctoTrackTests */,
			);
			name = OctoTrackTests;
			packageProductDependencies = (
			);
			productName = OctoTrackTests;
			productReference = 683613002D5D31EE00805615 /* OctoTrackTests.xctest */;
			productType = "com.apple.product-type.bundle.unit-test";
		};
		683613092D5D31EE00805615 /* OctoTrackUITests */ = {
			isa = PBXNativeTarget;
			buildConfigurationList = 6836131A2D5D31EE00805615 /* Build configuration list for PBXNativeTarget "OctoTrackUITests" */;
			buildPhases = (
				683613062D5D31EE00805615 /* Sources */,
				683613072D5D31EE00805615 /* Frameworks */,
				683613082D5D31EE00805615 /* Resources */,
			);
			buildRules = (
			);
			dependencies = (
				6836130C2D5D31EE00805615 /* PBXTargetDependency */,
			);
			fileSystemSynchronizedGroups = (
				6836130D2D5D31EE00805615 /* OctoTrackUITests */,
			);
			name = OctoTrackUITests;
			packageProductDependencies = (
			);
			productName = OctoTrackUITests;
			productReference = 6836130A2D5D31EE00805615 /* OctoTrackUITests.xctest */;
			productType = "com.apple.product-type.bundle.ui-testing";
		};
/* End PBXNativeTarget section */

/* Begin PBXProject section */
		683612E62D5D31EC00805615 /* Project object */ = {
			isa = PBXProject;
			attributes = {
				BuildIndependentTargetsInParallel = 1;
				LastSwiftUpdateCheck = 1610;
				LastUpgradeCheck = 1610;
				TargetAttributes = {
					683612ED2D5D31EC00805615 = {
						CreatedOnToolsVersion = 16.1;
					};
					683612FF2D5D31EE00805615 = {
						CreatedOnToolsVersion = 16.1;
						TestTargetID = 683612ED2D5D31EC00805615;
					};
					683613092D5D31EE00805615 = {
						CreatedOnToolsVersion = 16.1;
						TestTargetID = 683612ED2D5D31EC00805615;
					};
				};
			};
			buildConfigurationList = 683612E92D5D31EC00805615 /* Build configuration list for PBXProject "OctoTrack" */;
			developmentRegion = en;
			hasScannedForEncodings = 0;
			knownRegions = (
				en,
				Base,
			);
			mainGroup = 683612E52D5D31EC00805615;
			minimizedProjectReferenceProxies = 1;
			preferredProjectObjectVersion = 77;
			productRefGroup = 683612EF2D5D31EC00805615 /* Products */;
			projectDirPath = "";
			projectRoot = "";
			targets = (
				683612ED2D5D31EC00805615 /* OctoTrack */,
				683612FF2D5D31EE00805615 /* OctoTrackTests */,
				683613092D5D31EE00805615 /* OctoTrackUITests */,
			);
		};
/* End PBXProject section */

/* Begin PBXResourcesBuildPhase section */
		683612EC2D5D31EC00805615 /* Resources */ = {
			isa = PBXResourcesBuildPhase;
			buildActionMask = 2147483647;
			files = (
				68D6ACD62D71EFCC001E5E6C /* Preview Assets.xcassets in Resources */,
				68D6ACD72D71EFCC001E5E6C /* Localizable.xcstrings in Resources */,
				68D6ACD82D71EFCC001E5E6C /* Assets.xcassets in Resources */,
			);
			runOnlyForDeploymentPostprocessing = 0;
		};
		683612FE2D5D31EE00805615 /* Resources */ = {
			isa = PBXResourcesBuildPhase;
			buildActionMask = 2147483647;
			files = (
			);
			runOnlyForDeploymentPostprocessing = 0;
		};
		683613082D5D31EE00805615 /* Resources */ = {
			isa = PBXResourcesBuildPhase;
			buildActionMask = 2147483647;
			files = (
			);
			runOnlyForDeploymentPostprocessing = 0;
		};
/* End PBXResourcesBuildPhase section */

/* Begin PBXSourcesBuildPhase section */
		683612EA2D5D31EC00805615 /* Sources */ = {
			isa = PBXSourcesBuildPhase;
			buildActionMask = 2147483647;
			files = (
				68D6ACD92D71EFCC001E5E6C /* AsyncAvatarImage.swift in Sources */,
				68D6ACDA2D71EFCC001E5E6C /* CustomButtonLabel.swift in Sources */,
				68D6ACDB2D71EFCC001E5E6C /* CustomTextField.swift in Sources */,
				68D6ACDC2D71EFCC001E5E6C /* RepoRow.swift in Sources */,
				68D6ACDD2D71EFCC001E5E6C /* UserHeader.swift in Sources */,
				68D6ACDE2D71EFCC001E5E6C /* AvatarProperties.swift in Sources */,
				68D6ACDF2D71EFCC001E5E6C /* Commit.swift in Sources */,
				68D6ACE02D71EFCC001E5E6C /* Errors.swift in Sources */,
				68D6ACE12D71EFCC001E5E6C /* PullRequest.swift in Sources */,
				68D6ACE22D71EFCC001E5E6C /* Repository.swift in Sources */,
				68D6ACE32D71EFCC001E5E6C /* User.swift in Sources */,
				68D6ACE42D71EFCC001E5E6C /* GitHubAuthenticationEndpoint.swift in Sources */,
				68D6ACE52D71EFCC001E5E6C /* GitHubAuthenticationMapper.swift in Sources */,
				68D6ACE62D71EFCC001E5E6C /* GitHubAuthenticator.swift in Sources */,
				68D6ACE72D71EFCC001E5E6C /* RepoEndpoint.swift in Sources */,
				68D6ACE82D71EFCC001E5E6C /* RepoGetter.swift in Sources */,
				68D6ACE92D71EFCC001E5E6C /* RepoMapper.swift in Sources */,
				68D6ACEA2D71EFCC001E5E6C /* UserEndpoint.swift in Sources */,
				68D6ACEB2D71EFCC001E5E6C /* UserLoader.swift in Sources */,
				68D6ACEC2D71EFCC001E5E6C /* UserMapper.swift in Sources */,
				68D6ACED2D71EFCC001E5E6C /* URLSessionHTTPClient.swift in Sources */,
				68D6ACEE2D71EFCC001E5E6C /* PreviewModels.swift in Sources */,
				68D6ACEF2D71EFCC001E5E6C /* KeyChainService.swift in Sources */,
				68D6ACF02D71EFCC001E5E6C /* TokenMapper.swift in Sources */,
				68D6ACF12D71EFCC001E5E6C /* LocalizableKeys.swift in Sources */,
				68D6ACF22D71EFCC001E5E6C /* String+Ext.swift in Sources */,
				68D6ACF32D71EFCC001E5E6C /* User+Ext.swift in Sources */,
				68D6ACF42D71EFCC001E5E6C /* AddRepoViewModel.swift in Sources */,
				68D6ACF52D71EFCC001E5E6C /* AppViewModel.swift in Sources */,
				68D6ACF62D71EFCC001E5E6C /* AsyncAvatarViewModel.swift in Sources */,
				68D6ACF72D71EFCC001E5E6C /* AuthenticationViewModel.swift in Sources */,
				68D6ACF82D71EFCC001E5E6C /* RepoDetailViewModel.swift in Sources */,
				68D6ACF92D71EFCC001E5E6C /* RepoListViewModel.swift in Sources */,
				68D6ACFA2D71EFCC001E5E6C /* AccountView.swift in Sources */,
				68D6ACFB2D71EFCC001E5E6C /* AddRepositoryModal.swift in Sources */,
				68D6ACFC2D71EFCC001E5E6C /* AuthenticationView.swift in Sources */,
				68D6ACFD2D71EFCC001E5E6C /* RepoDetailView.swift in Sources */,
				68D6ACFE2D71EFCC001E5E6C /* RepoListView.swift in Sources */,
				68D6ACFF2D71EFCC001E5E6C /* Item.swift in Sources */,
				68D6AD002D71EFCC001E5E6C /* OctoTrackApp.swift in Sources */,
			);
			runOnlyForDeploymentPostprocessing = 0;
		};
		683612FC2D5D31EE00805615 /* Sources */ = {
			isa = PBXSourcesBuildPhase;
			buildActionMask = 2147483647;
			files = (
			);
			runOnlyForDeploymentPostprocessing = 0;
		};
		683613062D5D31EE00805615 /* Sources */ = {
			isa = PBXSourcesBuildPhase;
			buildActionMask = 2147483647;
			files = (
			);
			runOnlyForDeploymentPostprocessing = 0;
		};
/* End PBXSourcesBuildPhase section */

/* Begin PBXTargetDependency section */
		683613022D5D31EE00805615 /* PBXTargetDependency */ = {
			isa = PBXTargetDependency;
			target = 683612ED2D5D31EC00805615 /* OctoTrack */;
			targetProxy = 683613012D5D31EE00805615 /* PBXContainerItemProxy */;
		};
		6836130C2D5D31EE00805615 /* PBXTargetDependency */ = {
			isa = PBXTargetDependency;
			target = 683612ED2D5D31EC00805615 /* OctoTrack */;
			targetProxy = 6836130B2D5D31EE00805615 /* PBXContainerItemProxy */;
		};
/* End PBXTargetDependency section */

/* Begin XCBuildConfiguration section */
		683613122D5D31EE00805615 /* Debug */ = {
			isa = XCBuildConfiguration;
			buildSettings = {
				ALWAYS_SEARCH_USER_PATHS = NO;
				ASSETCATALOG_COMPILER_GENERATE_SWIFT_ASSET_SYMBOL_EXTENSIONS = YES;
				CLANG_ANALYZER_NONNULL = YES;
				CLANG_ANALYZER_NUMBER_OBJECT_CONVERSION = YES_AGGRESSIVE;
				CLANG_CXX_LANGUAGE_STANDARD = "gnu++20";
				CLANG_ENABLE_MODULES = YES;
				CLANG_ENABLE_OBJC_ARC = YES;
				CLANG_ENABLE_OBJC_WEAK = YES;
				CLANG_WARN_BLOCK_CAPTURE_AUTORELEASING = YES;
				CLANG_WARN_BOOL_CONVERSION = YES;
				CLANG_WARN_COMMA = YES;
				CLANG_WARN_CONSTANT_CONVERSION = YES;
				CLANG_WARN_DEPRECATED_OBJC_IMPLEMENTATIONS = YES;
				CLANG_WARN_DIRECT_OBJC_ISA_USAGE = YES_ERROR;
				CLANG_WARN_DOCUMENTATION_COMMENTS = YES;
				CLANG_WARN_EMPTY_BODY = YES;
				CLANG_WARN_ENUM_CONVERSION = YES;
				CLANG_WARN_INFINITE_RECURSION = YES;
				CLANG_WARN_INT_CONVERSION = YES;
				CLANG_WARN_NON_LITERAL_NULL_CONVERSION = YES;
				CLANG_WARN_OBJC_IMPLICIT_RETAIN_SELF = YES;
				CLANG_WARN_OBJC_LITERAL_CONVERSION = YES;
				CLANG_WARN_OBJC_ROOT_CLASS = YES_ERROR;
				CLANG_WARN_QUOTED_INCLUDE_IN_FRAMEWORK_HEADER = YES;
				CLANG_WARN_RANGE_LOOP_ANALYSIS = YES;
				CLANG_WARN_STRICT_PROTOTYPES = YES;
				CLANG_WARN_SUSPICIOUS_MOVE = YES;
				CLANG_WARN_UNGUARDED_AVAILABILITY = YES_AGGRESSIVE;
				CLANG_WARN_UNREACHABLE_CODE = YES;
				CLANG_WARN__DUPLICATE_METHOD_MATCH = YES;
				COPY_PHASE_STRIP = NO;
				DEBUG_INFORMATION_FORMAT = dwarf;
				ENABLE_STRICT_OBJC_MSGSEND = YES;
				ENABLE_TESTABILITY = YES;
				ENABLE_USER_SCRIPT_SANDBOXING = YES;
				GCC_C_LANGUAGE_STANDARD = gnu17;
				GCC_DYNAMIC_NO_PIC = NO;
				GCC_NO_COMMON_BLOCKS = YES;
				GCC_OPTIMIZATION_LEVEL = 0;
				GCC_PREPROCESSOR_DEFINITIONS = (
					"DEBUG=1",
					"$(inherited)",
				);
				GCC_WARN_64_TO_32_BIT_CONVERSION = YES;
				GCC_WARN_ABOUT_RETURN_TYPE = YES_ERROR;
				GCC_WARN_UNDECLARED_SELECTOR = YES;
				GCC_WARN_UNINITIALIZED_AUTOS = YES_AGGRESSIVE;
				GCC_WARN_UNUSED_FUNCTION = YES;
				GCC_WARN_UNUSED_VARIABLE = YES;
				IPHONEOS_DEPLOYMENT_TARGET = 18.1;
				LOCALIZATION_PREFERS_STRING_CATALOGS = YES;
				MTL_ENABLE_DEBUG_INFO = INCLUDE_SOURCE;
				MTL_FAST_MATH = YES;
				ONLY_ACTIVE_ARCH = YES;
				SDKROOT = iphoneos;
				SWIFT_ACTIVE_COMPILATION_CONDITIONS = "DEBUG $(inherited)";
				SWIFT_OPTIMIZATION_LEVEL = "-Onone";
			};
			name = Debug;
		};
		683613132D5D31EE00805615 /* Release */ = {
			isa = XCBuildConfiguration;
			buildSettings = {
				ALWAYS_SEARCH_USER_PATHS = NO;
				ASSETCATALOG_COMPILER_GENERATE_SWIFT_ASSET_SYMBOL_EXTENSIONS = YES;
				CLANG_ANALYZER_NONNULL = YES;
				CLANG_ANALYZER_NUMBER_OBJECT_CONVERSION = YES_AGGRESSIVE;
				CLANG_CXX_LANGUAGE_STANDARD = "gnu++20";
				CLANG_ENABLE_MODULES = YES;
				CLANG_ENABLE_OBJC_ARC = YES;
				CLANG_ENABLE_OBJC_WEAK = YES;
				CLANG_WARN_BLOCK_CAPTURE_AUTORELEASING = YES;
				CLANG_WARN_BOOL_CONVERSION = YES;
				CLANG_WARN_COMMA = YES;
				CLANG_WARN_CONSTANT_CONVERSION = YES;
				CLANG_WARN_DEPRECATED_OBJC_IMPLEMENTATIONS = YES;
				CLANG_WARN_DIRECT_OBJC_ISA_USAGE = YES_ERROR;
				CLANG_WARN_DOCUMENTATION_COMMENTS = YES;
				CLANG_WARN_EMPTY_BODY = YES;
				CLANG_WARN_ENUM_CONVERSION = YES;
				CLANG_WARN_INFINITE_RECURSION = YES;
				CLANG_WARN_INT_CONVERSION = YES;
				CLANG_WARN_NON_LITERAL_NULL_CONVERSION = YES;
				CLANG_WARN_OBJC_IMPLICIT_RETAIN_SELF = YES;
				CLANG_WARN_OBJC_LITERAL_CONVERSION = YES;
				CLANG_WARN_OBJC_ROOT_CLASS = YES_ERROR;
				CLANG_WARN_QUOTED_INCLUDE_IN_FRAMEWORK_HEADER = YES;
				CLANG_WARN_RANGE_LOOP_ANALYSIS = YES;
				CLANG_WARN_STRICT_PROTOTYPES = YES;
				CLANG_WARN_SUSPICIOUS_MOVE = YES;
				CLANG_WARN_UNGUARDED_AVAILABILITY = YES_AGGRESSIVE;
				CLANG_WARN_UNREACHABLE_CODE = YES;
				CLANG_WARN__DUPLICATE_METHOD_MATCH = YES;
				COPY_PHASE_STRIP = NO;
				DEBUG_INFORMATION_FORMAT = "dwarf-with-dsym";
				ENABLE_NS_ASSERTIONS = NO;
				ENABLE_STRICT_OBJC_MSGSEND = YES;
				ENABLE_USER_SCRIPT_SANDBOXING = YES;
				GCC_C_LANGUAGE_STANDARD = gnu17;
				GCC_NO_COMMON_BLOCKS = YES;
				GCC_WARN_64_TO_32_BIT_CONVERSION = YES;
				GCC_WARN_ABOUT_RETURN_TYPE = YES_ERROR;
				GCC_WARN_UNDECLARED_SELECTOR = YES;
				GCC_WARN_UNINITIALIZED_AUTOS = YES_AGGRESSIVE;
				GCC_WARN_UNUSED_FUNCTION = YES;
				GCC_WARN_UNUSED_VARIABLE = YES;
				IPHONEOS_DEPLOYMENT_TARGET = 18.1;
				LOCALIZATION_PREFERS_STRING_CATALOGS = YES;
				MTL_ENABLE_DEBUG_INFO = NO;
				MTL_FAST_MATH = YES;
				SDKROOT = iphoneos;
				SWIFT_COMPILATION_MODE = wholemodule;
				VALIDATE_PRODUCT = YES;
			};
			name = Release;
		};
		683613152D5D31EE00805615 /* Debug */ = {
			isa = XCBuildConfiguration;
			buildSettings = {
				ASSETCATALOG_COMPILER_APPICON_NAME = AppIcon;
				ASSETCATALOG_COMPILER_GLOBAL_ACCENT_COLOR_NAME = AccentColor;
				CODE_SIGN_STYLE = Automatic;
				CURRENT_PROJECT_VERSION = 1;
				DEVELOPMENT_ASSET_PATHS = "\"OctoTrack/Preview Content\"";
				ENABLE_PREVIEWS = YES;
				GENERATE_INFOPLIST_FILE = YES;
				INFOPLIST_KEY_UIApplicationSceneManifest_Generation = YES;
				INFOPLIST_KEY_UIApplicationSupportsIndirectInputEvents = YES;
				INFOPLIST_KEY_UILaunchScreen_Generation = YES;
				INFOPLIST_KEY_UISupportedInterfaceOrientations_iPad = "UIInterfaceOrientationPortrait UIInterfaceOrientationPortraitUpsideDown UIInterfaceOrientationLandscapeLeft UIInterfaceOrientationLandscapeRight";
				INFOPLIST_KEY_UISupportedInterfaceOrientations_iPhone = "UIInterfaceOrientationPortrait UIInterfaceOrientationLandscapeLeft UIInterfaceOrientationLandscapeRight";
				LD_RUNPATH_SEARCH_PATHS = (
					"$(inherited)",
					"@executable_path/Frameworks",
				);
				MARKETING_VERSION = 1.0;
				PRODUCT_BUNDLE_IDENTIFIER = com.juliencotte.OctoTrack;
				PRODUCT_NAME = "$(TARGET_NAME)";
				SWIFT_EMIT_LOC_STRINGS = YES;
				SWIFT_VERSION = 5.0;
				TARGETED_DEVICE_FAMILY = "1,2";
			};
			name = Debug;
		};
		683613162D5D31EE00805615 /* Release */ = {
			isa = XCBuildConfiguration;
			buildSettings = {
				ASSETCATALOG_COMPILER_APPICON_NAME = AppIcon;
				ASSETCATALOG_COMPILER_GLOBAL_ACCENT_COLOR_NAME = AccentColor;
				CODE_SIGN_STYLE = Automatic;
				CURRENT_PROJECT_VERSION = 1;
				DEVELOPMENT_ASSET_PATHS = "\"OctoTrack/Preview Content\"";
				ENABLE_PREVIEWS = YES;
				GENERATE_INFOPLIST_FILE = YES;
				INFOPLIST_KEY_UIApplicationSceneManifest_Generation = YES;
				INFOPLIST_KEY_UIApplicationSupportsIndirectInputEvents = YES;
				INFOPLIST_KEY_UILaunchScreen_Generation = YES;
				INFOPLIST_KEY_UISupportedInterfaceOrientations_iPad = "UIInterfaceOrientationPortrait UIInterfaceOrientationPortraitUpsideDown UIInterfaceOrientationLandscapeLeft UIInterfaceOrientationLandscapeRight";
				INFOPLIST_KEY_UISupportedInterfaceOrientations_iPhone = "UIInterfaceOrientationPortrait UIInterfaceOrientationLandscapeLeft UIInterfaceOrientationLandscapeRight";
				LD_RUNPATH_SEARCH_PATHS = (
					"$(inherited)",
					"@executable_path/Frameworks",
				);
				MARKETING_VERSION = 1.0;
				PRODUCT_BUNDLE_IDENTIFIER = com.juliencotte.OctoTrack;
				PRODUCT_NAME = "$(TARGET_NAME)";
				SWIFT_EMIT_LOC_STRINGS = YES;
				SWIFT_VERSION = 5.0;
				TARGETED_DEVICE_FAMILY = "1,2";
			};
			name = Release;
		};
		683613182D5D31EE00805615 /* Debug */ = {
			isa = XCBuildConfiguration;
			buildSettings = {
				BUNDLE_LOADER = "$(TEST_HOST)";
				CODE_SIGN_STYLE = Automatic;
				CURRENT_PROJECT_VERSION = 1;
				GENERATE_INFOPLIST_FILE = YES;
				IPHONEOS_DEPLOYMENT_TARGET = 18.1;
				MARKETING_VERSION = 1.0;
				PRODUCT_BUNDLE_IDENTIFIER = com.juliencotte.OctoTrackTests;
				PRODUCT_NAME = "$(TARGET_NAME)";
				SWIFT_EMIT_LOC_STRINGS = NO;
				SWIFT_VERSION = 5.0;
				TARGETED_DEVICE_FAMILY = "1,2";
				TEST_HOST = "$(BUILT_PRODUCTS_DIR)/OctoTrack.app/$(BUNDLE_EXECUTABLE_FOLDER_PATH)/OctoTrack";
			};
			name = Debug;
		};
		683613192D5D31EE00805615 /* Release */ = {
			isa = XCBuildConfiguration;
			buildSettings = {
				BUNDLE_LOADER = "$(TEST_HOST)";
				CODE_SIGN_STYLE = Automatic;
				CURRENT_PROJECT_VERSION = 1;
				GENERATE_INFOPLIST_FILE = YES;
				IPHONEOS_DEPLOYMENT_TARGET = 18.1;
				MARKETING_VERSION = 1.0;
				PRODUCT_BUNDLE_IDENTIFIER = com.juliencotte.OctoTrackTests;
				PRODUCT_NAME = "$(TARGET_NAME)";
				SWIFT_EMIT_LOC_STRINGS = NO;
				SWIFT_VERSION = 5.0;
				TARGETED_DEVICE_FAMILY = "1,2";
				TEST_HOST = "$(BUILT_PRODUCTS_DIR)/OctoTrack.app/$(BUNDLE_EXECUTABLE_FOLDER_PATH)/OctoTrack";
			};
			name = Release;
		};
		6836131B2D5D31EE00805615 /* Debug */ = {
			isa = XCBuildConfiguration;
			buildSettings = {
				CODE_SIGN_STYLE = Automatic;
				CURRENT_PROJECT_VERSION = 1;
				GENERATE_INFOPLIST_FILE = YES;
				MARKETING_VERSION = 1.0;
				PRODUCT_BUNDLE_IDENTIFIER = com.juliencotte.OctoTrackUITests;
				PRODUCT_NAME = "$(TARGET_NAME)";
				SWIFT_EMIT_LOC_STRINGS = NO;
				SWIFT_VERSION = 5.0;
				TARGETED_DEVICE_FAMILY = "1,2";
				TEST_TARGET_NAME = OctoTrack;
			};
			name = Debug;
		};
		6836131C2D5D31EE00805615 /* Release */ = {
			isa = XCBuildConfiguration;
			buildSettings = {
				CODE_SIGN_STYLE = Automatic;
				CURRENT_PROJECT_VERSION = 1;
				GENERATE_INFOPLIST_FILE = YES;
				MARKETING_VERSION = 1.0;
				PRODUCT_BUNDLE_IDENTIFIER = com.juliencotte.OctoTrackUITests;
				PRODUCT_NAME = "$(TARGET_NAME)";
				SWIFT_EMIT_LOC_STRINGS = NO;
				SWIFT_VERSION = 5.0;
				TARGETED_DEVICE_FAMILY = "1,2";
				TEST_TARGET_NAME = OctoTrack;
			};
			name = Release;
		};
/* End XCBuildConfiguration section */

/* Begin XCConfigurationList section */
		683612E92D5D31EC00805615 /* Build configuration list for PBXProject "OctoTrack" */ = {
			isa = XCConfigurationList;
			buildConfigurations = (
				683613122D5D31EE00805615 /* Debug */,
				683613132D5D31EE00805615 /* Release */,
			);
			defaultConfigurationIsVisible = 0;
			defaultConfigurationName = Release;
		};
		683613142D5D31EE00805615 /* Build configuration list for PBXNativeTarget "OctoTrack" */ = {
			isa = XCConfigurationList;
			buildConfigurations = (
				683613152D5D31EE00805615 /* Debug */,
				683613162D5D31EE00805615 /* Release */,
			);
			defaultConfigurationIsVisible = 0;
			defaultConfigurationName = Release;
		};
		683613172D5D31EE00805615 /* Build configuration list for PBXNativeTarget "OctoTrackTests" */ = {
			isa = XCConfigurationList;
			buildConfigurations = (
				683613182D5D31EE00805615 /* Debug */,
				683613192D5D31EE00805615 /* Release */,
			);
			defaultConfigurationIsVisible = 0;
			defaultConfigurationName = Release;
		};
		6836131A2D5D31EE00805615 /* Build configuration list for PBXNativeTarget "OctoTrackUITests" */ = {
			isa = XCConfigurationList;
			buildConfigurations = (
				6836131B2D5D31EE00805615 /* Debug */,
				6836131C2D5D31EE00805615 /* Release */,
			);
			defaultConfigurationIsVisible = 0;
			defaultConfigurationName = Release;
		};
/* End XCConfigurationList section */
	};
	rootObject = 683612E62D5D31EC00805615 /* Project object */;
}
