// !$*UTF8*$!
{
	archiveVersion = 1;
	classes = {
	};
	objectVersion = 77;
	objects = {

/* Begin PBXBuildFile section */
		6826E8372D9543830048F35A /* UserDataManager.swift in Sources */ = {isa = PBXBuildFile; fileRef = 6826E8362D9543830048F35A /* UserDataManager.swift */; };
		6826E8392D9580B80048F35A /* ContentView.swift in Sources */ = {isa = PBXBuildFile; fileRef = 6826E8382D9580B80048F35A /* ContentView.swift */; };
		6826E9682D9692710048F35A /* CustomButtonIcon.swift in Sources */ = {isa = PBXBuildFile; fileRef = 6826E9672D9692710048F35A /* CustomButtonIcon.swift */; };
		6826E96A2D96A8FF0048F35A /* TokenValidator.swift in Sources */ = {isa = PBXBuildFile; fileRef = 6826E9692D96A8FF0048F35A /* TokenValidator.swift */; };
		6826E96C2D96F0420048F35A /* PreviewContainer.swift in Sources */ = {isa = PBXBuildFile; fileRef = 6826E96B2D96F0420048F35A /* PreviewContainer.swift */; };
		684F7C5F2D8DAA1A0044367F /* Preview Assets.xcassets in Resources */ = {isa = PBXBuildFile; fileRef = 684F7C412D8DAA1A0044367F /* Preview Assets.xcassets */; };
		684F7C602D8DAA1A0044367F /* Localizable.xcstrings in Resources */ = {isa = PBXBuildFile; fileRef = 684F7C482D8DAA1A0044367F /* Localizable.xcstrings */; };
		684F7C612D8DAA1A0044367F /* Assets.xcassets in Resources */ = {isa = PBXBuildFile; fileRef = 684F7C592D8DAA1A0044367F /* Assets.xcassets */; };
		684F7C622D8DAA1A0044367F /* AsyncAvatarImage.swift in Sources */ = {isa = PBXBuildFile; fileRef = 684F7C212D8DAA1A0044367F /* AsyncAvatarImage.swift */; };
		684F7C632D8DAA1A0044367F /* AuthButtonsStack.swift in Sources */ = {isa = PBXBuildFile; fileRef = 684F7C222D8DAA1A0044367F /* AuthButtonsStack.swift */; };
		684F7C642D8DAA1A0044367F /* CustomButtonLabel.swift in Sources */ = {isa = PBXBuildFile; fileRef = 684F7C232D8DAA1A0044367F /* CustomButtonLabel.swift */; };
		684F7C652D8DAA1A0044367F /* CustomTextField.swift in Sources */ = {isa = PBXBuildFile; fileRef = 684F7C242D8DAA1A0044367F /* CustomTextField.swift */; };
		684F7C662D8DAA1A0044367F /* InfoLabel.swift in Sources */ = {isa = PBXBuildFile; fileRef = 684F7C252D8DAA1A0044367F /* InfoLabel.swift */; };
		684F7C672D8DAA1A0044367F /* RepoRow.swift in Sources */ = {isa = PBXBuildFile; fileRef = 684F7C262D8DAA1A0044367F /* RepoRow.swift */; };
		684F7C682D8DAA1A0044367F /* UserHeader.swift in Sources */ = {isa = PBXBuildFile; fileRef = 684F7C272D8DAA1A0044367F /* UserHeader.swift */; };
		684F7C6B2D8DAA1A0044367F /* Errors.swift in Sources */ = {isa = PBXBuildFile; fileRef = 684F7C2B2D8DAA1A0044367F /* Errors.swift */; };
		684F7C6C2D8DAA1A0044367F /* IconsName.swift in Sources */ = {isa = PBXBuildFile; fileRef = 684F7C2C2D8DAA1A0044367F /* IconsName.swift */; };
		684F7C6D2D8DAA1A0044367F /* PullRequest.swift in Sources */ = {isa = PBXBuildFile; fileRef = 684F7C2D2D8DAA1A0044367F /* PullRequest.swift */; };
		684F7C6E2D8DAA1A0044367F /* Repository.swift in Sources */ = {isa = PBXBuildFile; fileRef = 684F7C2E2D8DAA1A0044367F /* Repository.swift */; };
		684F7C6F2D8DAA1A0044367F /* TextFieldConfig.swift in Sources */ = {isa = PBXBuildFile; fileRef = 684F7C2F2D8DAA1A0044367F /* TextFieldConfig.swift */; };
		684F7C702D8DAA1A0044367F /* User.swift in Sources */ = {isa = PBXBuildFile; fileRef = 684F7C302D8DAA1A0044367F /* User.swift */; };
		684F7C712D8DAA1A0044367F /* GitHubAuthenticationEndpoint.swift in Sources */ = {isa = PBXBuildFile; fileRef = 684F7C322D8DAA1A0044367F /* GitHubAuthenticationEndpoint.swift */; };
		684F7C722D8DAA1A0044367F /* GitHubAuthenticationMapper.swift in Sources */ = {isa = PBXBuildFile; fileRef = 684F7C332D8DAA1A0044367F /* GitHubAuthenticationMapper.swift */; };
		684F7C732D8DAA1A0044367F /* GitHubAuthenticator.swift in Sources */ = {isa = PBXBuildFile; fileRef = 684F7C342D8DAA1A0044367F /* GitHubAuthenticator.swift */; };
		684F7C742D8DAA1A0044367F /* RepoEndpoint.swift in Sources */ = {isa = PBXBuildFile; fileRef = 684F7C362D8DAA1A0044367F /* RepoEndpoint.swift */; };
		684F7C752D8DAA1A0044367F /* RepoGetter.swift in Sources */ = {isa = PBXBuildFile; fileRef = 684F7C372D8DAA1A0044367F /* RepoGetter.swift */; };
		684F7C762D8DAA1A0044367F /* RepoMapper.swift in Sources */ = {isa = PBXBuildFile; fileRef = 684F7C382D8DAA1A0044367F /* RepoMapper.swift */; };
		684F7C772D8DAA1A0044367F /* UserEndpoint.swift in Sources */ = {isa = PBXBuildFile; fileRef = 684F7C3A2D8DAA1A0044367F /* UserEndpoint.swift */; };
		684F7C782D8DAA1A0044367F /* UserLoader.swift in Sources */ = {isa = PBXBuildFile; fileRef = 684F7C3B2D8DAA1A0044367F /* UserLoader.swift */; };
		684F7C792D8DAA1A0044367F /* UserMapper.swift in Sources */ = {isa = PBXBuildFile; fileRef = 684F7C3C2D8DAA1A0044367F /* UserMapper.swift */; };
		684F7C7A2D8DAA1A0044367F /* EndpointBuilder.swift in Sources */ = {isa = PBXBuildFile; fileRef = 684F7C3E2D8DAA1A0044367F /* EndpointBuilder.swift */; };
		684F7C7B2D8DAA1A0044367F /* URLSessionHTTPClient.swift in Sources */ = {isa = PBXBuildFile; fileRef = 684F7C3F2D8DAA1A0044367F /* URLSessionHTTPClient.swift */; };
		684F7C7D2D8DAA1A0044367F /* KeyChainService.swift in Sources */ = {isa = PBXBuildFile; fileRef = 684F7C442D8DAA1A0044367F /* KeyChainService.swift */; };
		684F7C7E2D8DAA1A0044367F /* TokenAuthManager.swift in Sources */ = {isa = PBXBuildFile; fileRef = 684F7C452D8DAA1A0044367F /* TokenAuthManager.swift */; };
		684F7C7F2D8DAA1A0044367F /* TokenMapper.swift in Sources */ = {isa = PBXBuildFile; fileRef = 684F7C462D8DAA1A0044367F /* TokenMapper.swift */; };
		684F7C802D8DAA1A0044367F /* String+Ext.swift in Sources */ = {isa = PBXBuildFile; fileRef = 684F7C492D8DAA1A0044367F /* String+Ext.swift */; };
		684F7C812D8DAA1A0044367F /* View+Ext.swift in Sources */ = {isa = PBXBuildFile; fileRef = 684F7C4A2D8DAA1A0044367F /* View+Ext.swift */; };
		684F7C822D8DAA1A0044367F /* AddRepoViewModel.swift in Sources */ = {isa = PBXBuildFile; fileRef = 684F7C4C2D8DAA1A0044367F /* AddRepoViewModel.swift */; };
		684F7C832D8DAA1A0044367F /* AppViewModel.swift in Sources */ = {isa = PBXBuildFile; fileRef = 684F7C4D2D8DAA1A0044367F /* AppViewModel.swift */; };
		684F7C842D8DAA1A0044367F /* AsyncAvatarViewModel.swift in Sources */ = {isa = PBXBuildFile; fileRef = 684F7C4E2D8DAA1A0044367F /* AsyncAvatarViewModel.swift */; };
		684F7C852D8DAA1A0044367F /* AuthenticationViewModel.swift in Sources */ = {isa = PBXBuildFile; fileRef = 684F7C4F2D8DAA1A0044367F /* AuthenticationViewModel.swift */; };
		684F7C882D8DAA1A0044367F /* AccountView.swift in Sources */ = {isa = PBXBuildFile; fileRef = 684F7C532D8DAA1A0044367F /* AccountView.swift */; };
		684F7C892D8DAA1A0044367F /* AddRepositoryModal.swift in Sources */ = {isa = PBXBuildFile; fileRef = 684F7C542D8DAA1A0044367F /* AddRepositoryModal.swift */; };
		684F7C8A2D8DAA1A0044367F /* AuthenticationView.swift in Sources */ = {isa = PBXBuildFile; fileRef = 684F7C552D8DAA1A0044367F /* AuthenticationView.swift */; };
		684F7C8B2D8DAA1A0044367F /* RepoDetailView.swift in Sources */ = {isa = PBXBuildFile; fileRef = 684F7C562D8DAA1A0044367F /* RepoDetailView.swift */; };
		684F7C8C2D8DAA1A0044367F /* RepoListView.swift in Sources */ = {isa = PBXBuildFile; fileRef = 684F7C572D8DAA1A0044367F /* RepoListView.swift */; };
		684F7C8E2D8DAA1A0044367F /* OctoTrackApp.swift in Sources */ = {isa = PBXBuildFile; fileRef = 684F7C5B2D8DAA1A0044367F /* OctoTrackApp.swift */; };
		684F7C992D8DAA210044367F /* UserEndpointTest.swift in Sources */ = {isa = PBXBuildFile; fileRef = 684F7C8F2D8DAA210044367F /* UserEndpointTest.swift */; };
		684F7C9A2D8DAA210044367F /* UserLoaderTests.swift in Sources */ = {isa = PBXBuildFile; fileRef = 684F7C902D8DAA210044367F /* UserLoaderTests.swift */; };
		684F7C9B2D8DAA210044367F /* UserMapperTests.swift in Sources */ = {isa = PBXBuildFile; fileRef = 684F7C912D8DAA210044367F /* UserMapperTests.swift */; };
		684F7C9C2D8DAA210044367F /* EndpointBuilderTest.swift in Sources */ = {isa = PBXBuildFile; fileRef = 684F7C932D8DAA210044367F /* EndpointBuilderTest.swift */; };
		684F7C9D2D8DAA210044367F /* URLSessionHTTPClientTest.swift in Sources */ = {isa = PBXBuildFile; fileRef = 684F7C942D8DAA210044367F /* URLSessionHTTPClientTest.swift */; };
		684F7C9E2D8DAA210044367F /* HTTPClientMock.swift in Sources */ = {isa = PBXBuildFile; fileRef = 684F7C962D8DAA210044367F /* HTTPClientMock.swift */; };
		684F7C9F2D8DAA210044367F /* SharedTestHelpers.swift in Sources */ = {isa = PBXBuildFile; fileRef = 684F7C972D8DAA210044367F /* SharedTestHelpers.swift */; };
		684F7CA12D8DBF8A0044367F /* Owner.swift in Sources */ = {isa = PBXBuildFile; fileRef = 684F7CA02D8DBF8A0044367F /* Owner.swift */; };
		686BFB8F2DA9378B00C859C3 /* RepoListViewModel.swift in Sources */ = {isa = PBXBuildFile; fileRef = 686BFB8E2DA9378B00C859C3 /* RepoListViewModel.swift */; };
		689B15DF2DBA30310075B3EC /* AppButtonStyle.swift in Sources */ = {isa = PBXBuildFile; fileRef = 689B15DE2DBA30310075B3EC /* AppButtonStyle.swift */; };
		689B15E12DBA6AEA0075B3EC /* Tab.swift in Sources */ = {isa = PBXBuildFile; fileRef = 689B15E02DBA6AEA0075B3EC /* Tab.swift */; };
		68C02EC92D9FB2CD0065027F /* PullRequestEndpoint.swift in Sources */ = {isa = PBXBuildFile; fileRef = 68C02EC82D9FB2CD0065027F /* PullRequestEndpoint.swift */; };
		68C02ECB2D9FB7800065027F /* PullRequestMapper.swift in Sources */ = {isa = PBXBuildFile; fileRef = 68C02ECA2D9FB7800065027F /* PullRequestMapper.swift */; };
		68C02ECD2D9FBA360065027F /* PullRequestGetter.swift in Sources */ = {isa = PBXBuildFile; fileRef = 68C02ECC2D9FBA360065027F /* PullRequestGetter.swift */; };
		68C02ECF2D9FC3960065027F /* PullRequestRow.swift in Sources */ = {isa = PBXBuildFile; fileRef = 68C02ECE2D9FC3960065027F /* PullRequestRow.swift */; };
		68C02ED12D9FC58C0065027F /* PreviewPullRequests.swift in Sources */ = {isa = PBXBuildFile; fileRef = 68C02ED02D9FC58C0065027F /* PreviewPullRequests.swift */; };
		68C02ED32D9FC8200065027F /* PRDetailView.swift in Sources */ = {isa = PBXBuildFile; fileRef = 68C02ED22D9FC8200065027F /* PRDetailView.swift */; };
		68C02ED72D9FD9540065027F /* RepoHeader.swift in Sources */ = {isa = PBXBuildFile; fileRef = 68C02ED62D9FD9540065027F /* RepoHeader.swift */; };
		68EDADE52DB28E0600B7995D /* RepoPriority.swift in Sources */ = {isa = PBXBuildFile; fileRef = 68EDADE42DB28E0600B7995D /* RepoPriority.swift */; };
		68EDADE72DB2978500B7995D /* PriorityButtonsStack.swift in Sources */ = {isa = PBXBuildFile; fileRef = 68EDADE62DB2978500B7995D /* PriorityButtonsStack.swift */; };
/* End PBXBuildFile section */

/* Begin PBXContainerItemProxy section */
		683613012D5D31EE00805615 /* PBXContainerItemProxy */ = {
			isa = PBXContainerItemProxy;
			containerPortal = 683612E62D5D31EC00805615 /* Project object */;
			proxyType = 1;
			remoteGlobalIDString = 683612ED2D5D31EC00805615;
			remoteInfo = OctoTrack;
		};
/* End PBXContainerItemProxy section */

/* Begin PBXFileReference section */
		6826E8362D9543830048F35A /* UserDataManager.swift */ = {isa = PBXFileReference; lastKnownFileType = sourcecode.swift; path = UserDataManager.swift; sourceTree = "<group>"; };
		6826E8382D9580B80048F35A /* ContentView.swift */ = {isa = PBXFileReference; lastKnownFileType = sourcecode.swift; path = ContentView.swift; sourceTree = "<group>"; };
		6826E9672D9692710048F35A /* CustomButtonIcon.swift */ = {isa = PBXFileReference; lastKnownFileType = sourcecode.swift; path = CustomButtonIcon.swift; sourceTree = "<group>"; };
		6826E9692D96A8FF0048F35A /* TokenValidator.swift */ = {isa = PBXFileReference; lastKnownFileType = sourcecode.swift; path = TokenValidator.swift; sourceTree = "<group>"; };
		6826E96B2D96F0420048F35A /* PreviewContainer.swift */ = {isa = PBXFileReference; lastKnownFileType = sourcecode.swift; path = PreviewContainer.swift; sourceTree = "<group>"; };
		683612EE2D5D31EC00805615 /* OctoTrack.app */ = {isa = PBXFileReference; explicitFileType = wrapper.application; includeInIndex = 0; path = OctoTrack.app; sourceTree = BUILT_PRODUCTS_DIR; };
		683613002D5D31EE00805615 /* OctoTrackTests.xctest */ = {isa = PBXFileReference; explicitFileType = wrapper.cfbundle; includeInIndex = 0; path = OctoTrackTests.xctest; sourceTree = BUILT_PRODUCTS_DIR; };
		684F7C212D8DAA1A0044367F /* AsyncAvatarImage.swift */ = {isa = PBXFileReference; lastKnownFileType = sourcecode.swift; path = AsyncAvatarImage.swift; sourceTree = "<group>"; };
		684F7C222D8DAA1A0044367F /* AuthButtonsStack.swift */ = {isa = PBXFileReference; lastKnownFileType = sourcecode.swift; path = AuthButtonsStack.swift; sourceTree = "<group>"; };
		684F7C232D8DAA1A0044367F /* CustomButtonLabel.swift */ = {isa = PBXFileReference; lastKnownFileType = sourcecode.swift; path = CustomButtonLabel.swift; sourceTree = "<group>"; };
		684F7C242D8DAA1A0044367F /* CustomTextField.swift */ = {isa = PBXFileReference; lastKnownFileType = sourcecode.swift; path = CustomTextField.swift; sourceTree = "<group>"; };
		684F7C252D8DAA1A0044367F /* InfoLabel.swift */ = {isa = PBXFileReference; lastKnownFileType = sourcecode.swift; path = InfoLabel.swift; sourceTree = "<group>"; };
		684F7C262D8DAA1A0044367F /* RepoRow.swift */ = {isa = PBXFileReference; lastKnownFileType = sourcecode.swift; path = RepoRow.swift; sourceTree = "<group>"; };
		684F7C272D8DAA1A0044367F /* UserHeader.swift */ = {isa = PBXFileReference; lastKnownFileType = sourcecode.swift; path = UserHeader.swift; sourceTree = "<group>"; };
		684F7C2B2D8DAA1A0044367F /* Errors.swift */ = {isa = PBXFileReference; lastKnownFileType = sourcecode.swift; path = Errors.swift; sourceTree = "<group>"; };
		684F7C2C2D8DAA1A0044367F /* IconsName.swift */ = {isa = PBXFileReference; lastKnownFileType = sourcecode.swift; path = IconsName.swift; sourceTree = "<group>"; };
		684F7C2D2D8DAA1A0044367F /* PullRequest.swift */ = {isa = PBXFileReference; lastKnownFileType = sourcecode.swift; path = PullRequest.swift; sourceTree = "<group>"; };
		684F7C2E2D8DAA1A0044367F /* Repository.swift */ = {isa = PBXFileReference; lastKnownFileType = sourcecode.swift; path = Repository.swift; sourceTree = "<group>"; };
		684F7C2F2D8DAA1A0044367F /* TextFieldConfig.swift */ = {isa = PBXFileReference; lastKnownFileType = sourcecode.swift; path = TextFieldConfig.swift; sourceTree = "<group>"; };
		684F7C302D8DAA1A0044367F /* User.swift */ = {isa = PBXFileReference; lastKnownFileType = sourcecode.swift; path = User.swift; sourceTree = "<group>"; };
		684F7C322D8DAA1A0044367F /* GitHubAuthenticationEndpoint.swift */ = {isa = PBXFileReference; lastKnownFileType = sourcecode.swift; path = GitHubAuthenticationEndpoint.swift; sourceTree = "<group>"; };
		684F7C332D8DAA1A0044367F /* GitHubAuthenticationMapper.swift */ = {isa = PBXFileReference; lastKnownFileType = sourcecode.swift; path = GitHubAuthenticationMapper.swift; sourceTree = "<group>"; };
		684F7C342D8DAA1A0044367F /* GitHubAuthenticator.swift */ = {isa = PBXFileReference; lastKnownFileType = sourcecode.swift; path = GitHubAuthenticator.swift; sourceTree = "<group>"; };
		684F7C362D8DAA1A0044367F /* RepoEndpoint.swift */ = {isa = PBXFileReference; lastKnownFileType = sourcecode.swift; path = RepoEndpoint.swift; sourceTree = "<group>"; };
		684F7C372D8DAA1A0044367F /* RepoGetter.swift */ = {isa = PBXFileReference; lastKnownFileType = sourcecode.swift; path = RepoGetter.swift; sourceTree = "<group>"; };
		684F7C382D8DAA1A0044367F /* RepoMapper.swift */ = {isa = PBXFileReference; lastKnownFileType = sourcecode.swift; path = RepoMapper.swift; sourceTree = "<group>"; };
		684F7C3A2D8DAA1A0044367F /* UserEndpoint.swift */ = {isa = PBXFileReference; lastKnownFileType = sourcecode.swift; path = UserEndpoint.swift; sourceTree = "<group>"; };
		684F7C3B2D8DAA1A0044367F /* UserLoader.swift */ = {isa = PBXFileReference; lastKnownFileType = sourcecode.swift; path = UserLoader.swift; sourceTree = "<group>"; };
		684F7C3C2D8DAA1A0044367F /* UserMapper.swift */ = {isa = PBXFileReference; lastKnownFileType = sourcecode.swift; path = UserMapper.swift; sourceTree = "<group>"; };
		684F7C3E2D8DAA1A0044367F /* EndpointBuilder.swift */ = {isa = PBXFileReference; lastKnownFileType = sourcecode.swift; path = EndpointBuilder.swift; sourceTree = "<group>"; };
		684F7C3F2D8DAA1A0044367F /* URLSessionHTTPClient.swift */ = {isa = PBXFileReference; lastKnownFileType = sourcecode.swift; path = URLSessionHTTPClient.swift; sourceTree = "<group>"; };
		684F7C412D8DAA1A0044367F /* Preview Assets.xcassets */ = {isa = PBXFileReference; lastKnownFileType = folder.assetcatalog; path = "Preview Assets.xcassets"; sourceTree = "<group>"; };
		684F7C442D8DAA1A0044367F /* KeyChainService.swift */ = {isa = PBXFileReference; lastKnownFileType = sourcecode.swift; path = KeyChainService.swift; sourceTree = "<group>"; };
		684F7C452D8DAA1A0044367F /* TokenAuthManager.swift */ = {isa = PBXFileReference; lastKnownFileType = sourcecode.swift; path = TokenAuthManager.swift; sourceTree = "<group>"; };
		684F7C462D8DAA1A0044367F /* TokenMapper.swift */ = {isa = PBXFileReference; lastKnownFileType = sourcecode.swift; path = TokenMapper.swift; sourceTree = "<group>"; };
		684F7C482D8DAA1A0044367F /* Localizable.xcstrings */ = {isa = PBXFileReference; lastKnownFileType = text.json.xcstrings; path = Localizable.xcstrings; sourceTree = "<group>"; };
		684F7C492D8DAA1A0044367F /* String+Ext.swift */ = {isa = PBXFileReference; lastKnownFileType = sourcecode.swift; path = "String+Ext.swift"; sourceTree = "<group>"; };
		684F7C4A2D8DAA1A0044367F /* View+Ext.swift */ = {isa = PBXFileReference; lastKnownFileType = sourcecode.swift; path = "View+Ext.swift"; sourceTree = "<group>"; };
		684F7C4C2D8DAA1A0044367F /* AddRepoViewModel.swift */ = {isa = PBXFileReference; lastKnownFileType = sourcecode.swift; path = AddRepoViewModel.swift; sourceTree = "<group>"; };
		684F7C4D2D8DAA1A0044367F /* AppViewModel.swift */ = {isa = PBXFileReference; lastKnownFileType = sourcecode.swift; path = AppViewModel.swift; sourceTree = "<group>"; };
		684F7C4E2D8DAA1A0044367F /* AsyncAvatarViewModel.swift */ = {isa = PBXFileReference; lastKnownFileType = sourcecode.swift; path = AsyncAvatarViewModel.swift; sourceTree = "<group>"; };
		684F7C4F2D8DAA1A0044367F /* AuthenticationViewModel.swift */ = {isa = PBXFileReference; lastKnownFileType = sourcecode.swift; path = AuthenticationViewModel.swift; sourceTree = "<group>"; };
		684F7C532D8DAA1A0044367F /* AccountView.swift */ = {isa = PBXFileReference; lastKnownFileType = sourcecode.swift; path = AccountView.swift; sourceTree = "<group>"; };
		684F7C542D8DAA1A0044367F /* AddRepositoryModal.swift */ = {isa = PBXFileReference; lastKnownFileType = sourcecode.swift; path = AddRepositoryModal.swift; sourceTree = "<group>"; };
		684F7C552D8DAA1A0044367F /* AuthenticationView.swift */ = {isa = PBXFileReference; lastKnownFileType = sourcecode.swift; path = AuthenticationView.swift; sourceTree = "<group>"; };
		684F7C562D8DAA1A0044367F /* RepoDetailView.swift */ = {isa = PBXFileReference; lastKnownFileType = sourcecode.swift; path = RepoDetailView.swift; sourceTree = "<group>"; };
		684F7C572D8DAA1A0044367F /* RepoListView.swift */ = {isa = PBXFileReference; lastKnownFileType = sourcecode.swift; path = RepoListView.swift; sourceTree = "<group>"; };
		684F7C592D8DAA1A0044367F /* Assets.xcassets */ = {isa = PBXFileReference; lastKnownFileType = folder.assetcatalog; path = Assets.xcassets; sourceTree = "<group>"; };
		684F7C5B2D8DAA1A0044367F /* OctoTrackApp.swift */ = {isa = PBXFileReference; lastKnownFileType = sourcecode.swift; path = OctoTrackApp.swift; sourceTree = "<group>"; };
		684F7C8F2D8DAA210044367F /* UserEndpointTest.swift */ = {isa = PBXFileReference; lastKnownFileType = sourcecode.swift; path = UserEndpointTest.swift; sourceTree = "<group>"; };
		684F7C902D8DAA210044367F /* UserLoaderTests.swift */ = {isa = PBXFileReference; lastKnownFileType = sourcecode.swift; path = UserLoaderTests.swift; sourceTree = "<group>"; };
		684F7C912D8DAA210044367F /* UserMapperTests.swift */ = {isa = PBXFileReference; lastKnownFileType = sourcecode.swift; path = UserMapperTests.swift; sourceTree = "<group>"; };
		684F7C932D8DAA210044367F /* EndpointBuilderTest.swift */ = {isa = PBXFileReference; lastKnownFileType = sourcecode.swift; path = EndpointBuilderTest.swift; sourceTree = "<group>"; };
		684F7C942D8DAA210044367F /* URLSessionHTTPClientTest.swift */ = {isa = PBXFileReference; lastKnownFileType = sourcecode.swift; path = URLSessionHTTPClientTest.swift; sourceTree = "<group>"; };
		684F7C962D8DAA210044367F /* HTTPClientMock.swift */ = {isa = PBXFileReference; lastKnownFileType = sourcecode.swift; path = HTTPClientMock.swift; sourceTree = "<group>"; };
		684F7C972D8DAA210044367F /* SharedTestHelpers.swift */ = {isa = PBXFileReference; lastKnownFileType = sourcecode.swift; path = SharedTestHelpers.swift; sourceTree = "<group>"; };
		684F7CA02D8DBF8A0044367F /* Owner.swift */ = {isa = PBXFileReference; lastKnownFileType = sourcecode.swift; path = Owner.swift; sourceTree = "<group>"; };
		686BFB8D2DA909F100C859C3 /* OctoTrack.xctestplan */ = {isa = PBXFileReference; lastKnownFileType = text; path = OctoTrack.xctestplan; sourceTree = "<group>"; };
		686BFB8E2DA9378B00C859C3 /* RepoListViewModel.swift */ = {isa = PBXFileReference; lastKnownFileType = sourcecode.swift; path = RepoListViewModel.swift; sourceTree = "<group>"; };
		689B15DE2DBA30310075B3EC /* AppButtonStyle.swift */ = {isa = PBXFileReference; lastKnownFileType = sourcecode.swift; path = AppButtonStyle.swift; sourceTree = "<group>"; };
		689B15E02DBA6AEA0075B3EC /* Tab.swift */ = {isa = PBXFileReference; lastKnownFileType = sourcecode.swift; path = Tab.swift; sourceTree = "<group>"; };
		68C02EC82D9FB2CD0065027F /* PullRequestEndpoint.swift */ = {isa = PBXFileReference; lastKnownFileType = sourcecode.swift; path = PullRequestEndpoint.swift; sourceTree = "<group>"; };
		68C02ECA2D9FB7800065027F /* PullRequestMapper.swift */ = {isa = PBXFileReference; lastKnownFileType = sourcecode.swift; path = PullRequestMapper.swift; sourceTree = "<group>"; };
		68C02ECC2D9FBA360065027F /* PullRequestGetter.swift */ = {isa = PBXFileReference; lastKnownFileType = sourcecode.swift; path = PullRequestGetter.swift; sourceTree = "<group>"; };
		68C02ECE2D9FC3960065027F /* PullRequestRow.swift */ = {isa = PBXFileReference; lastKnownFileType = sourcecode.swift; path = PullRequestRow.swift; sourceTree = "<group>"; };
		68C02ED02D9FC58C0065027F /* PreviewPullRequests.swift */ = {isa = PBXFileReference; lastKnownFileType = sourcecode.swift; path = PreviewPullRequests.swift; sourceTree = "<group>"; };
		68C02ED22D9FC8200065027F /* PRDetailView.swift */ = {isa = PBXFileReference; lastKnownFileType = sourcecode.swift; path = PRDetailView.swift; sourceTree = "<group>"; };
		68C02ED62D9FD9540065027F /* RepoHeader.swift */ = {isa = PBXFileReference; lastKnownFileType = sourcecode.swift; path = RepoHeader.swift; sourceTree = "<group>"; };
		68EDADE42DB28E0600B7995D /* RepoPriority.swift */ = {isa = PBXFileReference; lastKnownFileType = sourcecode.swift; path = RepoPriority.swift; sourceTree = "<group>"; };
		68EDADE62DB2978500B7995D /* PriorityButtonsStack.swift */ = {isa = PBXFileReference; lastKnownFileType = sourcecode.swift; path = PriorityButtonsStack.swift; sourceTree = "<group>"; };
/* End PBXFileReference section */

/* Begin PBXFrameworksBuildPhase section */
		683612EB2D5D31EC00805615 /* Frameworks */ = {
			isa = PBXFrameworksBuildPhase;
			buildActionMask = 2147483647;
			files = (
			);
			runOnlyForDeploymentPostprocessing = 0;
		};
		683612FD2D5D31EE00805615 /* Frameworks */ = {
			isa = PBXFrameworksBuildPhase;
			buildActionMask = 2147483647;
			files = (
			);
			runOnlyForDeploymentPostprocessing = 0;
		};
/* End PBXFrameworksBuildPhase section */

/* Begin PBXGroup section */
		6826E8352D9543650048F35A /* DataManagers */ = {
			isa = PBXGroup;
			children = (
				6826E8362D9543830048F35A /* UserDataManager.swift */,
			);
			path = DataManagers;
			sourceTree = "<group>";
		};
		683612E52D5D31EC00805615 = {
			isa = PBXGroup;
			children = (
				686BFB8D2DA909F100C859C3 /* OctoTrack.xctestplan */,
				684F7C5C2D8DAA1A0044367F /* OctoTrack */,
				684F7C982D8DAA210044367F /* OctoTrackTests */,
				683612EF2D5D31EC00805615 /* Products */,
			);
			sourceTree = "<group>";
		};
		683612EF2D5D31EC00805615 /* Products */ = {
			isa = PBXGroup;
			children = (
				683612EE2D5D31EC00805615 /* OctoTrack.app */,
				683613002D5D31EE00805615 /* OctoTrackTests.xctest */,
			);
			name = Products;
			sourceTree = "<group>";
		};
		684F7C282D8DAA1A0044367F /* ExtractedViews */ = {
			isa = PBXGroup;
			children = (
				684F7C212D8DAA1A0044367F /* AsyncAvatarImage.swift */,
				684F7C222D8DAA1A0044367F /* AuthButtonsStack.swift */,
				684F7C232D8DAA1A0044367F /* CustomButtonLabel.swift */,
				684F7C242D8DAA1A0044367F /* CustomTextField.swift */,
				684F7C252D8DAA1A0044367F /* InfoLabel.swift */,
				684F7C262D8DAA1A0044367F /* RepoRow.swift */,
				684F7C272D8DAA1A0044367F /* UserHeader.swift */,
				6826E9672D9692710048F35A /* CustomButtonIcon.swift */,
				68C02ECE2D9FC3960065027F /* PullRequestRow.swift */,
				68C02ED62D9FD9540065027F /* RepoHeader.swift */,
				68EDADE62DB2978500B7995D /* PriorityButtonsStack.swift */,
			);
			path = ExtractedViews;
			sourceTree = "<group>";
		};
		684F7C312D8DAA1A0044367F /* Models */ = {
			isa = PBXGroup;
			children = (
				684F7C2B2D8DAA1A0044367F /* Errors.swift */,
				684F7C2C2D8DAA1A0044367F /* IconsName.swift */,
				684F7C2D2D8DAA1A0044367F /* PullRequest.swift */,
				684F7C2E2D8DAA1A0044367F /* Repository.swift */,
				684F7C2F2D8DAA1A0044367F /* TextFieldConfig.swift */,
				684F7C302D8DAA1A0044367F /* User.swift */,
				684F7CA02D8DBF8A0044367F /* Owner.swift */,
				68EDADE42DB28E0600B7995D /* RepoPriority.swift */,
				689B15E02DBA6AEA0075B3EC /* Tab.swift */,
			);
			path = Models;
			sourceTree = "<group>";
		};
		684F7C352D8DAA1A0044367F /* AuthenticationRequest */ = {
			isa = PBXGroup;
			children = (
				684F7C322D8DAA1A0044367F /* GitHubAuthenticationEndpoint.swift */,
				684F7C332D8DAA1A0044367F /* GitHubAuthenticationMapper.swift */,
				684F7C342D8DAA1A0044367F /* GitHubAuthenticator.swift */,
			);
			path = AuthenticationRequest;
			sourceTree = "<group>";
		};
		684F7C392D8DAA1A0044367F /* RepoRequest */ = {
			isa = PBXGroup;
			children = (
				684F7C362D8DAA1A0044367F /* RepoEndpoint.swift */,
				684F7C372D8DAA1A0044367F /* RepoGetter.swift */,
				684F7C382D8DAA1A0044367F /* RepoMapper.swift */,
			);
			path = RepoRequest;
			sourceTree = "<group>";
		};
		684F7C3D2D8DAA1A0044367F /* UserRequest */ = {
			isa = PBXGroup;
			children = (
				684F7C3A2D8DAA1A0044367F /* UserEndpoint.swift */,
				684F7C3B2D8DAA1A0044367F /* UserLoader.swift */,
				684F7C3C2D8DAA1A0044367F /* UserMapper.swift */,
			);
			path = UserRequest;
			sourceTree = "<group>";
		};
		684F7C402D8DAA1A0044367F /* Network */ = {
			isa = PBXGroup;
			children = (
				684F7C352D8DAA1A0044367F /* AuthenticationRequest */,
				684F7C3D2D8DAA1A0044367F /* UserRequest */,
				684F7C392D8DAA1A0044367F /* RepoRequest */,
				68C02EC72D9FB29A0065027F /* PRRequest */,
				684F7C3E2D8DAA1A0044367F /* EndpointBuilder.swift */,
				684F7C3F2D8DAA1A0044367F /* URLSessionHTTPClient.swift */,
			);
			path = Network;
			sourceTree = "<group>";
		};
		684F7C432D8DAA1A0044367F /* Preview Content */ = {
			isa = PBXGroup;
			children = (
				684F7C412D8DAA1A0044367F /* Preview Assets.xcassets */,
				6826E96B2D96F0420048F35A /* PreviewContainer.swift */,
				68C02ED02D9FC58C0065027F /* PreviewPullRequests.swift */,
			);
			path = "Preview Content";
			sourceTree = "<group>";
		};
		684F7C472D8DAA1A0044367F /* Storage */ = {
			isa = PBXGroup;
			children = (
				684F7C442D8DAA1A0044367F /* KeyChainService.swift */,
				684F7C452D8DAA1A0044367F /* TokenAuthManager.swift */,
				684F7C462D8DAA1A0044367F /* TokenMapper.swift */,
				6826E9692D96A8FF0048F35A /* TokenValidator.swift */,
			);
			path = Storage;
			sourceTree = "<group>";
		};
		684F7C4B2D8DAA1A0044367F /* Utils */ = {
			isa = PBXGroup;
			children = (
				684F7C482D8DAA1A0044367F /* Localizable.xcstrings */,
				684F7C492D8DAA1A0044367F /* String+Ext.swift */,
				684F7C4A2D8DAA1A0044367F /* View+Ext.swift */,
				689B15DE2DBA30310075B3EC /* AppButtonStyle.swift */,
			);
			path = Utils;
			sourceTree = "<group>";
		};
		684F7C522D8DAA1A0044367F /* ViewModels */ = {
			isa = PBXGroup;
			children = (
				684F7C4C2D8DAA1A0044367F /* AddRepoViewModel.swift */,
				684F7C4D2D8DAA1A0044367F /* AppViewModel.swift */,
				684F7C4E2D8DAA1A0044367F /* AsyncAvatarViewModel.swift */,
				684F7C4F2D8DAA1A0044367F /* AuthenticationViewModel.swift */,
				686BFB8E2DA9378B00C859C3 /* RepoListViewModel.swift */,
			);
			path = ViewModels;
			sourceTree = "<group>";
		};
		684F7C582D8DAA1A0044367F /* Views */ = {
			isa = PBXGroup;
			children = (
				684F7C532D8DAA1A0044367F /* AccountView.swift */,
				684F7C542D8DAA1A0044367F /* AddRepositoryModal.swift */,
				684F7C552D8DAA1A0044367F /* AuthenticationView.swift */,
				684F7C562D8DAA1A0044367F /* RepoDetailView.swift */,
				684F7C572D8DAA1A0044367F /* RepoListView.swift */,
				6826E8382D9580B80048F35A /* ContentView.swift */,
				68C02ED22D9FC8200065027F /* PRDetailView.swift */,
			);
			path = Views;
			sourceTree = "<group>";
		};
		684F7C5C2D8DAA1A0044367F /* OctoTrack */ = {
			isa = PBXGroup;
			children = (
				684F7C5B2D8DAA1A0044367F /* OctoTrackApp.swift */,
				684F7C312D8DAA1A0044367F /* Models */,
				6826E8352D9543650048F35A /* DataManagers */,
				684F7C402D8DAA1A0044367F /* Network */,
				684F7C472D8DAA1A0044367F /* Storage */,
				684F7C4B2D8DAA1A0044367F /* Utils */,
				684F7C522D8DAA1A0044367F /* ViewModels */,
				684F7C282D8DAA1A0044367F /* ExtractedViews */,
				684F7C582D8DAA1A0044367F /* Views */,
				684F7C432D8DAA1A0044367F /* Preview Content */,
				684F7C592D8DAA1A0044367F /* Assets.xcassets */,
			);
			path = OctoTrack;
			sourceTree = "<group>";
		};
		684F7C922D8DAA210044367F /* UserRequest */ = {
			isa = PBXGroup;
			children = (
				684F7C8F2D8DAA210044367F /* UserEndpointTest.swift */,
				684F7C902D8DAA210044367F /* UserLoaderTests.swift */,
				684F7C912D8DAA210044367F /* UserMapperTests.swift */,
			);
			path = UserRequest;
			sourceTree = "<group>";
		};
		684F7C952D8DAA210044367F /* Network */ = {
			isa = PBXGroup;
			children = (
				684F7C922D8DAA210044367F /* UserRequest */,
				684F7C932D8DAA210044367F /* EndpointBuilderTest.swift */,
				684F7C942D8DAA210044367F /* URLSessionHTTPClientTest.swift */,
			);
			path = Network;
			sourceTree = "<group>";
		};
		684F7C982D8DAA210044367F /* OctoTrackTests */ = {
			isa = PBXGroup;
			children = (
				684F7C952D8DAA210044367F /* Network */,
				684F7C962D8DAA210044367F /* HTTPClientMock.swift */,
				684F7C972D8DAA210044367F /* SharedTestHelpers.swift */,
			);
			path = OctoTrackTests;
			sourceTree = "<group>";
		};
		68C02EC72D9FB29A0065027F /* PRRequest */ = {
			isa = PBXGroup;
			children = (
				68C02EC82D9FB2CD0065027F /* PullRequestEndpoint.swift */,
				68C02ECA2D9FB7800065027F /* PullRequestMapper.swift */,
				68C02ECC2D9FBA360065027F /* PullRequestGetter.swift */,
			);
			path = PRRequest;
			sourceTree = "<group>";
		};
/* End PBXGroup section */

/* Begin PBXNativeTarget section */
		683612ED2D5D31EC00805615 /* OctoTrack */ = {
			isa = PBXNativeTarget;
			buildConfigurationList = 683613142D5D31EE00805615 /* Build configuration list for PBXNativeTarget "OctoTrack" */;
			buildPhases = (
				683612EA2D5D31EC00805615 /* Sources */,
				683612EB2D5D31EC00805615 /* Frameworks */,
				683612EC2D5D31EC00805615 /* Resources */,
			);
			buildRules = (
			);
			dependencies = (
			);
			name = OctoTrack;
			packageProductDependencies = (
			);
			productName = OctoTrack;
			productReference = 683612EE2D5D31EC00805615 /* OctoTrack.app */;
			productType = "com.apple.product-type.application";
		};
		683612FF2D5D31EE00805615 /* OctoTrackTests */ = {
			isa = PBXNativeTarget;
			buildConfigurationList = 683613172D5D31EE00805615 /* Build configuration list for PBXNativeTarget "OctoTrackTests" */;
			buildPhases = (
				683612FC2D5D31EE00805615 /* Sources */,
				683612FD2D5D31EE00805615 /* Frameworks */,
				683612FE2D5D31EE00805615 /* Resources */,
			);
			buildRules = (
			);
			dependencies = (
				683613022D5D31EE00805615 /* PBXTargetDependency */,
			);
			name = OctoTrackTests;
			packageProductDependencies = (
			);
			productName = OctoTrackTests;
			productReference = 683613002D5D31EE00805615 /* OctoTrackTests.xctest */;
			productType = "com.apple.product-type.bundle.unit-test";
		};
/* End PBXNativeTarget section */

/* Begin PBXProject section */
		683612E62D5D31EC00805615 /* Project object */ = {
			isa = PBXProject;
			attributes = {
				BuildIndependentTargetsInParallel = 1;
				LastSwiftUpdateCheck = 1610;
				LastUpgradeCheck = 1610;
				TargetAttributes = {
					683612ED2D5D31EC00805615 = {
						CreatedOnToolsVersion = 16.1;
					};
					683612FF2D5D31EE00805615 = {
						CreatedOnToolsVersion = 16.1;
						TestTargetID = 683612ED2D5D31EC00805615;
					};
				};
			};
			buildConfigurationList = 683612E92D5D31EC00805615 /* Build configuration list for PBXProject "OctoTrack" */;
			developmentRegion = en;
			hasScannedForEncodings = 0;
			knownRegions = (
				en,
				Base,
			);
			mainGroup = 683612E52D5D31EC00805615;
			minimizedProjectReferenceProxies = 1;
			preferredProjectObjectVersion = 77;
			productRefGroup = 683612EF2D5D31EC00805615 /* Products */;
			projectDirPath = "";
			projectRoot = "";
			targets = (
				683612ED2D5D31EC00805615 /* OctoTrack */,
				683612FF2D5D31EE00805615 /* OctoTrackTests */,
			);
		};
/* End PBXProject section */

/* Begin PBXResourcesBuildPhase section */
		683612EC2D5D31EC00805615 /* Resources */ = {
			isa = PBXResourcesBuildPhase;
			buildActionMask = 2147483647;
			files = (
				684F7C5F2D8DAA1A0044367F /* Preview Assets.xcassets in Resources */,
				684F7C602D8DAA1A0044367F /* Localizable.xcstrings in Resources */,
				684F7C612D8DAA1A0044367F /* Assets.xcassets in Resources */,
			);
			runOnlyForDeploymentPostprocessing = 0;
		};
		683612FE2D5D31EE00805615 /* Resources */ = {
			isa = PBXResourcesBuildPhase;
			buildActionMask = 2147483647;
			files = (
			);
			runOnlyForDeploymentPostprocessing = 0;
		};
/* End PBXResourcesBuildPhase section */

/* Begin PBXSourcesBuildPhase section */
		683612EA2D5D31EC00805615 /* Sources */ = {
			isa = PBXSourcesBuildPhase;
			buildActionMask = 2147483647;
			files = (
				68C02ED32D9FC8200065027F /* PRDetailView.swift in Sources */,
				684F7C622D8DAA1A0044367F /* AsyncAvatarImage.swift in Sources */,
				684F7C632D8DAA1A0044367F /* AuthButtonsStack.swift in Sources */,
				684F7C642D8DAA1A0044367F /* CustomButtonLabel.swift in Sources */,
				684F7C652D8DAA1A0044367F /* CustomTextField.swift in Sources */,
				684F7C662D8DAA1A0044367F /* InfoLabel.swift in Sources */,
				684F7C672D8DAA1A0044367F /* RepoRow.swift in Sources */,
				6826E8372D9543830048F35A /* UserDataManager.swift in Sources */,
				684F7C682D8DAA1A0044367F /* UserHeader.swift in Sources */,
				684F7C6B2D8DAA1A0044367F /* Errors.swift in Sources */,
				684F7C6C2D8DAA1A0044367F /* IconsName.swift in Sources */,
				684F7C6D2D8DAA1A0044367F /* PullRequest.swift in Sources */,
				684F7C6E2D8DAA1A0044367F /* Repository.swift in Sources */,
				684F7CA12D8DBF8A0044367F /* Owner.swift in Sources */,
				684F7C6F2D8DAA1A0044367F /* TextFieldConfig.swift in Sources */,
				68C02ECB2D9FB7800065027F /* PullRequestMapper.swift in Sources */,
				684F7C702D8DAA1A0044367F /* User.swift in Sources */,
				684F7C712D8DAA1A0044367F /* GitHubAuthenticationEndpoint.swift in Sources */,
				684F7C722D8DAA1A0044367F /* GitHubAuthenticationMapper.swift in Sources */,
				684F7C732D8DAA1A0044367F /* GitHubAuthenticator.swift in Sources */,
				6826E96A2D96A8FF0048F35A /* TokenValidator.swift in Sources */,
				68EDADE52DB28E0600B7995D /* RepoPriority.swift in Sources */,
				684F7C742D8DAA1A0044367F /* RepoEndpoint.swift in Sources */,
				684F7C752D8DAA1A0044367F /* RepoGetter.swift in Sources */,
				684F7C762D8DAA1A0044367F /* RepoMapper.swift in Sources */,
				684F7C772D8DAA1A0044367F /* UserEndpoint.swift in Sources */,
				684F7C782D8DAA1A0044367F /* UserLoader.swift in Sources */,
				684F7C792D8DAA1A0044367F /* UserMapper.swift in Sources */,
				6826E96C2D96F0420048F35A /* PreviewContainer.swift in Sources */,
				68C02ED12D9FC58C0065027F /* PreviewPullRequests.swift in Sources */,
				689B15E12DBA6AEA0075B3EC /* Tab.swift in Sources */,
				684F7C7A2D8DAA1A0044367F /* EndpointBuilder.swift in Sources */,
				684F7C7B2D8DAA1A0044367F /* URLSessionHTTPClient.swift in Sources */,
				68C02ECF2D9FC3960065027F /* PullRequestRow.swift in Sources */,
				684F7C7D2D8DAA1A0044367F /* KeyChainService.swift in Sources */,
				684F7C7E2D8DAA1A0044367F /* TokenAuthManager.swift in Sources */,
				684F7C7F2D8DAA1A0044367F /* TokenMapper.swift in Sources */,
				684F7C802D8DAA1A0044367F /* String+Ext.swift in Sources */,
				684F7C812D8DAA1A0044367F /* View+Ext.swift in Sources */,
				689B15DF2DBA30310075B3EC /* AppButtonStyle.swift in Sources */,
				684F7C822D8DAA1A0044367F /* AddRepoViewModel.swift in Sources */,
				686BFB8F2DA9378B00C859C3 /* RepoListViewModel.swift in Sources */,
				684F7C832D8DAA1A0044367F /* AppViewModel.swift in Sources */,
				684F7C842D8DAA1A0044367F /* AsyncAvatarViewModel.swift in Sources */,
				68EDADE72DB2978500B7995D /* PriorityButtonsStack.swift in Sources */,
				684F7C852D8DAA1A0044367F /* AuthenticationViewModel.swift in Sources */,
				684F7C882D8DAA1A0044367F /* AccountView.swift in Sources */,
				68C02ED72D9FD9540065027F /* RepoHeader.swift in Sources */,
				68C02ECD2D9FBA360065027F /* PullRequestGetter.swift in Sources */,
				6826E8392D9580B80048F35A /* ContentView.swift in Sources */,
				684F7C892D8DAA1A0044367F /* AddRepositoryModal.swift in Sources */,
				684F7C8A2D8DAA1A0044367F /* AuthenticationView.swift in Sources */,
				684F7C8B2D8DAA1A0044367F /* RepoDetailView.swift in Sources */,
				684F7C8C2D8DAA1A0044367F /* RepoListView.swift in Sources */,
				684F7C8E2D8DAA1A0044367F /* OctoTrackApp.swift in Sources */,
				68C02EC92D9FB2CD0065027F /* PullRequestEndpoint.swift in Sources */,
				6826E9682D9692710048F35A /* CustomButtonIcon.swift in Sources */,
			);
			runOnlyForDeploymentPostprocessing = 0;
		};
		683612FC2D5D31EE00805615 /* Sources */ = {
			isa = PBXSourcesBuildPhase;
			buildActionMask = 2147483647;
			files = (
				684F7C992D8DAA210044367F /* UserEndpointTest.swift in Sources */,
				684F7C9A2D8DAA210044367F /* UserLoaderTests.swift in Sources */,
				684F7C9B2D8DAA210044367F /* UserMapperTests.swift in Sources */,
				684F7C9C2D8DAA210044367F /* EndpointBuilderTest.swift in Sources */,
				684F7C9D2D8DAA210044367F /* URLSessionHTTPClientTest.swift in Sources */,
				684F7C9E2D8DAA210044367F /* HTTPClientMock.swift in Sources */,
				684F7C9F2D8DAA210044367F /* SharedTestHelpers.swift in Sources */,
			);
			runOnlyForDeploymentPostprocessing = 0;
		};
/* End PBXSourcesBuildPhase section */

/* Begin PBXTargetDependency section */
		683613022D5D31EE00805615 /* PBXTargetDependency */ = {
			isa = PBXTargetDependency;
			target = 683612ED2D5D31EC00805615 /* OctoTrack */;
			targetProxy = 683613012D5D31EE00805615 /* PBXContainerItemProxy */;
		};
/* End PBXTargetDependency section */

/* Begin XCBuildConfiguration section */
		683613122D5D31EE00805615 /* Debug */ = {
			isa = XCBuildConfiguration;
			buildSettings = {
				ALWAYS_SEARCH_USER_PATHS = NO;
				ASSETCATALOG_COMPILER_GENERATE_SWIFT_ASSET_SYMBOL_EXTENSIONS = YES;
				CLANG_ANALYZER_NONNULL = YES;
				CLANG_ANALYZER_NUMBER_OBJECT_CONVERSION = YES_AGGRESSIVE;
				CLANG_CXX_LANGUAGE_STANDARD = "gnu++20";
				CLANG_ENABLE_MODULES = YES;
				CLANG_ENABLE_OBJC_ARC = YES;
				CLANG_ENABLE_OBJC_WEAK = YES;
				CLANG_WARN_BLOCK_CAPTURE_AUTORELEASING = YES;
				CLANG_WARN_BOOL_CONVERSION = YES;
				CLANG_WARN_COMMA = YES;
				CLANG_WARN_CONSTANT_CONVERSION = YES;
				CLANG_WARN_DEPRECATED_OBJC_IMPLEMENTATIONS = YES;
				CLANG_WARN_DIRECT_OBJC_ISA_USAGE = YES_ERROR;
				CLANG_WARN_DOCUMENTATION_COMMENTS = YES;
				CLANG_WARN_EMPTY_BODY = YES;
				CLANG_WARN_ENUM_CONVERSION = YES;
				CLANG_WARN_INFINITE_RECURSION = YES;
				CLANG_WARN_INT_CONVERSION = YES;
				CLANG_WARN_NON_LITERAL_NULL_CONVERSION = YES;
				CLANG_WARN_OBJC_IMPLICIT_RETAIN_SELF = YES;
				CLANG_WARN_OBJC_LITERAL_CONVERSION = YES;
				CLANG_WARN_OBJC_ROOT_CLASS = YES_ERROR;
				CLANG_WARN_QUOTED_INCLUDE_IN_FRAMEWORK_HEADER = YES;
				CLANG_WARN_RANGE_LOOP_ANALYSIS = YES;
				CLANG_WARN_STRICT_PROTOTYPES = YES;
				CLANG_WARN_SUSPICIOUS_MOVE = YES;
				CLANG_WARN_UNGUARDED_AVAILABILITY = YES_AGGRESSIVE;
				CLANG_WARN_UNREACHABLE_CODE = YES;
				CLANG_WARN__DUPLICATE_METHOD_MATCH = YES;
				COPY_PHASE_STRIP = NO;
				DEBUG_INFORMATION_FORMAT = dwarf;
				ENABLE_STRICT_OBJC_MSGSEND = YES;
				ENABLE_TESTABILITY = YES;
				ENABLE_USER_SCRIPT_SANDBOXING = YES;
				GCC_C_LANGUAGE_STANDARD = gnu17;
				GCC_DYNAMIC_NO_PIC = NO;
				GCC_NO_COMMON_BLOCKS = YES;
				GCC_OPTIMIZATION_LEVEL = 0;
				GCC_PREPROCESSOR_DEFINITIONS = (
					"DEBUG=1",
					"$(inherited)",
				);
				GCC_WARN_64_TO_32_BIT_CONVERSION = YES;
				GCC_WARN_ABOUT_RETURN_TYPE = YES_ERROR;
				GCC_WARN_UNDECLARED_SELECTOR = YES;
				GCC_WARN_UNINITIALIZED_AUTOS = YES_AGGRESSIVE;
				GCC_WARN_UNUSED_FUNCTION = YES;
				GCC_WARN_UNUSED_VARIABLE = YES;
				IPHONEOS_DEPLOYMENT_TARGET = 18.1;
				LOCALIZATION_PREFERS_STRING_CATALOGS = YES;
				MTL_ENABLE_DEBUG_INFO = INCLUDE_SOURCE;
				MTL_FAST_MATH = YES;
				ONLY_ACTIVE_ARCH = YES;
				SDKROOT = iphoneos;
				SWIFT_ACTIVE_COMPILATION_CONDITIONS = "DEBUG $(inherited)";
				SWIFT_OPTIMIZATION_LEVEL = "-Onone";
			};
			name = Debug;
		};
		683613132D5D31EE00805615 /* Release */ = {
			isa = XCBuildConfiguration;
			buildSettings = {
				ALWAYS_SEARCH_USER_PATHS = NO;
				ASSETCATALOG_COMPILER_GENERATE_SWIFT_ASSET_SYMBOL_EXTENSIONS = YES;
				CLANG_ANALYZER_NONNULL = YES;
				CLANG_ANALYZER_NUMBER_OBJECT_CONVERSION = YES_AGGRESSIVE;
				CLANG_CXX_LANGUAGE_STANDARD = "gnu++20";
				CLANG_ENABLE_MODULES = YES;
				CLANG_ENABLE_OBJC_ARC = YES;
				CLANG_ENABLE_OBJC_WEAK = YES;
				CLANG_WARN_BLOCK_CAPTURE_AUTORELEASING = YES;
				CLANG_WARN_BOOL_CONVERSION = YES;
				CLANG_WARN_COMMA = YES;
				CLANG_WARN_CONSTANT_CONVERSION = YES;
				CLANG_WARN_DEPRECATED_OBJC_IMPLEMENTATIONS = YES;
				CLANG_WARN_DIRECT_OBJC_ISA_USAGE = YES_ERROR;
				CLANG_WARN_DOCUMENTATION_COMMENTS = YES;
				CLANG_WARN_EMPTY_BODY = YES;
				CLANG_WARN_ENUM_CONVERSION = YES;
				CLANG_WARN_INFINITE_RECURSION = YES;
				CLANG_WARN_INT_CONVERSION = YES;
				CLANG_WARN_NON_LITERAL_NULL_CONVERSION = YES;
				CLANG_WARN_OBJC_IMPLICIT_RETAIN_SELF = YES;
				CLANG_WARN_OBJC_LITERAL_CONVERSION = YES;
				CLANG_WARN_OBJC_ROOT_CLASS = YES_ERROR;
				CLANG_WARN_QUOTED_INCLUDE_IN_FRAMEWORK_HEADER = YES;
				CLANG_WARN_RANGE_LOOP_ANALYSIS = YES;
				CLANG_WARN_STRICT_PROTOTYPES = YES;
				CLANG_WARN_SUSPICIOUS_MOVE = YES;
				CLANG_WARN_UNGUARDED_AVAILABILITY = YES_AGGRESSIVE;
				CLANG_WARN_UNREACHABLE_CODE = YES;
				CLANG_WARN__DUPLICATE_METHOD_MATCH = YES;
				COPY_PHASE_STRIP = NO;
				DEBUG_INFORMATION_FORMAT = "dwarf-with-dsym";
				ENABLE_NS_ASSERTIONS = NO;
				ENABLE_STRICT_OBJC_MSGSEND = YES;
				ENABLE_USER_SCRIPT_SANDBOXING = YES;
				GCC_C_LANGUAGE_STANDARD = gnu17;
				GCC_NO_COMMON_BLOCKS = YES;
				GCC_WARN_64_TO_32_BIT_CONVERSION = YES;
				GCC_WARN_ABOUT_RETURN_TYPE = YES_ERROR;
				GCC_WARN_UNDECLARED_SELECTOR = YES;
				GCC_WARN_UNINITIALIZED_AUTOS = YES_AGGRESSIVE;
				GCC_WARN_UNUSED_FUNCTION = YES;
				GCC_WARN_UNUSED_VARIABLE = YES;
				IPHONEOS_DEPLOYMENT_TARGET = 18.1;
				LOCALIZATION_PREFERS_STRING_CATALOGS = YES;
				MTL_ENABLE_DEBUG_INFO = NO;
				MTL_FAST_MATH = YES;
				SDKROOT = iphoneos;
				SWIFT_COMPILATION_MODE = wholemodule;
				VALIDATE_PRODUCT = YES;
			};
			name = Release;
		};
		683613152D5D31EE00805615 /* Debug */ = {
			isa = XCBuildConfiguration;
			buildSettings = {
				ASSETCATALOG_COMPILER_APPICON_NAME = AppIcon;
				ASSETCATALOG_COMPILER_GLOBAL_ACCENT_COLOR_NAME = AccentColor;
				CODE_SIGN_STYLE = Automatic;
				CURRENT_PROJECT_VERSION = 1;
				DEVELOPMENT_ASSET_PATHS = "\"OctoTrack/Preview Content\"";
				ENABLE_PREVIEWS = YES;
				GENERATE_INFOPLIST_FILE = YES;
				INFOPLIST_KEY_UIApplicationSceneManifest_Generation = YES;
				INFOPLIST_KEY_UIApplicationSupportsIndirectInputEvents = YES;
				INFOPLIST_KEY_UILaunchScreen_Generation = YES;
				INFOPLIST_KEY_UISupportedInterfaceOrientations_iPad = "UIInterfaceOrientationPortrait UIInterfaceOrientationPortraitUpsideDown UIInterfaceOrientationLandscapeLeft UIInterfaceOrientationLandscapeRight";
				INFOPLIST_KEY_UISupportedInterfaceOrientations_iPhone = "UIInterfaceOrientationPortrait UIInterfaceOrientationLandscapeLeft UIInterfaceOrientationLandscapeRight";
				LD_RUNPATH_SEARCH_PATHS = (
					"$(inherited)",
					"@executable_path/Frameworks",
				);
				MARKETING_VERSION = 1.0;
				PRODUCT_BUNDLE_IDENTIFIER = com.juliencotte.OctoTrack;
				PRODUCT_NAME = "$(TARGET_NAME)";
				SWIFT_EMIT_LOC_STRINGS = YES;
				SWIFT_VERSION = 5.0;
				TARGETED_DEVICE_FAMILY = "1,2";
			};
			name = Debug;
		};
		683613162D5D31EE00805615 /* Release */ = {
			isa = XCBuildConfiguration;
			buildSettings = {
				ASSETCATALOG_COMPILER_APPICON_NAME = AppIcon;
				ASSETCATALOG_COMPILER_GLOBAL_ACCENT_COLOR_NAME = AccentColor;
				CODE_SIGN_STYLE = Automatic;
				CURRENT_PROJECT_VERSION = 1;
				DEVELOPMENT_ASSET_PATHS = "\"OctoTrack/Preview Content\"";
				ENABLE_PREVIEWS = YES;
				GENERATE_INFOPLIST_FILE = YES;
				INFOPLIST_KEY_UIApplicationSceneManifest_Generation = YES;
				INFOPLIST_KEY_UIApplicationSupportsIndirectInputEvents = YES;
				INFOPLIST_KEY_UILaunchScreen_Generation = YES;
				INFOPLIST_KEY_UISupportedInterfaceOrientations_iPad = "UIInterfaceOrientationPortrait UIInterfaceOrientationPortraitUpsideDown UIInterfaceOrientationLandscapeLeft UIInterfaceOrientationLandscapeRight";
				INFOPLIST_KEY_UISupportedInterfaceOrientations_iPhone = "UIInterfaceOrientationPortrait UIInterfaceOrientationLandscapeLeft UIInterfaceOrientationLandscapeRight";
				LD_RUNPATH_SEARCH_PATHS = (
					"$(inherited)",
					"@executable_path/Frameworks",
				);
				MARKETING_VERSION = 1.0;
				PRODUCT_BUNDLE_IDENTIFIER = com.juliencotte.OctoTrack;
				PRODUCT_NAME = "$(TARGET_NAME)";
				SWIFT_EMIT_LOC_STRINGS = YES;
				SWIFT_VERSION = 5.0;
				TARGETED_DEVICE_FAMILY = "1,2";
			};
			name = Release;
		};
		683613182D5D31EE00805615 /* Debug */ = {
			isa = XCBuildConfiguration;
			buildSettings = {
				BUNDLE_LOADER = "$(TEST_HOST)";
				CODE_SIGN_STYLE = Automatic;
				CURRENT_PROJECT_VERSION = 1;
				GENERATE_INFOPLIST_FILE = YES;
				IPHONEOS_DEPLOYMENT_TARGET = 18.1;
				MARKETING_VERSION = 1.0;
				PRODUCT_BUNDLE_IDENTIFIER = com.juliencotte.OctoTrackTests;
				PRODUCT_NAME = "$(TARGET_NAME)";
				SWIFT_EMIT_LOC_STRINGS = NO;
				SWIFT_VERSION = 5.0;
				TARGETED_DEVICE_FAMILY = "1,2";
				TEST_HOST = "$(BUILT_PRODUCTS_DIR)/OctoTrack.app/$(BUNDLE_EXECUTABLE_FOLDER_PATH)/OctoTrack";
			};
			name = Debug;
		};
		683613192D5D31EE00805615 /* Release */ = {
			isa = XCBuildConfiguration;
			buildSettings = {
				BUNDLE_LOADER = "$(TEST_HOST)";
				CODE_SIGN_STYLE = Automatic;
				CURRENT_PROJECT_VERSION = 1;
				GENERATE_INFOPLIST_FILE = YES;
				IPHONEOS_DEPLOYMENT_TARGET = 18.1;
				MARKETING_VERSION = 1.0;
				PRODUCT_BUNDLE_IDENTIFIER = com.juliencotte.OctoTrackTests;
				PRODUCT_NAME = "$(TARGET_NAME)";
				SWIFT_EMIT_LOC_STRINGS = NO;
				SWIFT_VERSION = 5.0;
				TARGETED_DEVICE_FAMILY = "1,2";
				TEST_HOST = "$(BUILT_PRODUCTS_DIR)/OctoTrack.app/$(BUNDLE_EXECUTABLE_FOLDER_PATH)/OctoTrack";
			};
			name = Release;
		};
/* End XCBuildConfiguration section */

/* Begin XCConfigurationList section */
		683612E92D5D31EC00805615 /* Build configuration list for PBXProject "OctoTrack" */ = {
			isa = XCConfigurationList;
			buildConfigurations = (
				683613122D5D31EE00805615 /* Debug */,
				683613132D5D31EE00805615 /* Release */,
			);
			defaultConfigurationIsVisible = 0;
			defaultConfigurationName = Release;
		};
		683613142D5D31EE00805615 /* Build configuration list for PBXNativeTarget "OctoTrack" */ = {
			isa = XCConfigurationList;
			buildConfigurations = (
				683613152D5D31EE00805615 /* Debug */,
				683613162D5D31EE00805615 /* Release */,
			);
			defaultConfigurationIsVisible = 0;
			defaultConfigurationName = Release;
		};
		683613172D5D31EE00805615 /* Build configuration list for PBXNativeTarget "OctoTrackTests" */ = {
			isa = XCConfigurationList;
			buildConfigurations = (
				683613182D5D31EE00805615 /* Debug */,
				683613192D5D31EE00805615 /* Release */,
			);
			defaultConfigurationIsVisible = 0;
			defaultConfigurationName = Release;
		};
/* End XCConfigurationList section */
	};
	rootObject = 683612E62D5D31EC00805615 /* Project object */;
}
